{
  "version": 4,
  "terraform_version": "1.15.8",
  "serial": 117,
  "lineage": "c5f580b1-115a-5424-f378-47978592129d",
  "outputs": {
    "batch_service_account": {
      "value": "portvessel-batch-dev@cloudprojects-506123.iam.gserviceaccount.com",
      "type": "string"
    },
    "gold_dataset_id": {
      "value": "portvessel_dev_gold",
      "type": "string"
    },
    "ingestion_job_name": {
      "value": "portvessel-ingestion-dev",
      "type": "string"
    },
    "ingestion_service_account": {
      "value": "portvessel-ingestion-dev@cloudprojects-506123.iam.gserviceaccount.com",
      "type": "string"
    },
    "loader_job_name": {
      "value": "portvessel-bq-loader-dev",
      "type": "string"
    },
    "processed_bucket": {
      "value": "cloudprojects-506123-portvessel-dev-processed",
      "type": "string"
    },
    "quality_job_name": {
      "value": "portvessel-quality-dev",
      "type": "string"
    },
    "raw_bucket": {
      "value": "cloudprojects-506123-portvessel-dev-raw",
      "type": "string"
    },
    "silver_dataset_id": {
      "value": "portvessel_dev_silver",
      "type": "string"
    },
    "staging_dataset_id": {
      "value": "portvessel_dev_staging",
      "type": "string"
    },
    "transform_job_name": {
      "value": "portvessel-dbt-transform-dev",
      "type": "string"
    }
  },
  "resources": [
    {
      "mode": "data",
      "type": "google_project",
      "name": "current",
      "provider": "provider[\"registry.terraform.io/hashicorp/google\"]",
      "instances": [
        {
          "schema_version": 0,
          "attributes": {
            "auto_create_network": null,
            "billing_account": "018C67-DAD23F-B0E223",
            "deletion_policy": "PREVENT",
            "effective_labels": {},
            "folder_id": "",
            "id": "projects/cloudprojects-506123",
            "labels": {},
            "name": "Cloudprojects",
            "number": "20298064017",
            "org_id": "1012066128402",
            "project_id": "cloudprojects-506123",
            "tags": null,
            "terraform_labels": {}
          },
          "sensitive_attributes": [],
          "identity_schema_version": 0
        }
      ]
    },
    {
      "mode": "managed",
      "type": "google_artifact_registry_repository",
      "name": "containers",
      "provider": "provider[\"registry.terraform.io/hashicorp/google\"]",
      "instances": [
        {
          "schema_version": 0,
          "attributes": {
            "cleanup_policies": [],
            "cleanup_policy_dry_run": false,
            "create_time": "2026-08-25T00:15:56.415658Z",
            "description": "PortVessel container images",
            "docker_config": [],
            "effective_labels": {
              "goog-terraform-provisioned": "true"
            },
            "format": "DOCKER",
            "id": "projects/cloudprojects-506123/locations/europe-west3/repositories/portvessel",
            "kms_key_name": "",
            "labels": {},
            "location": "europe-west3",
            "maven_config": [],
            "mode": "STANDARD_REPOSITORY",
            "name": "portvessel",
            "project": "cloudprojects-506123",
            "remote_repository_config": [],
            "repository_id": "portvessel",
            "terraform_labels": {
              "goog-terraform-provisioned": "true"
            },
            "timeouts": null,
            "update_time": "2026-08-26T23:22:06.974426Z",
            "virtual_repository_config": [],
            "vulnerability_scanning_config": [
              {
                "enablement_config": "DISABLED",
                "enablement_state": "SCANNING_DISABLED",
                "enablement_state_reason": "API containerscanning.googleapis.com is not enabled."
              }
            ]
          },
          "sensitive_attributes": [],
          "identity_schema_version": 0,
          "private": "eyJlMmJmYjczMC1lY2FhLTExZTYtOGY4OC0zNDM2M2JjN2M0YzAiOnsiY3JlYXRlIjoxMjAwMDAwMDAwMDAwLCJkZWxldGUiOjEyMDAwMDAwMDAwMDAsInVwZGF0ZSI6MTIwMDAwMDAwMDAwMH19",
          "dependencies": [
            "google_project_service.required"
          ]
        }
      ]
    },
    {
      "mode": "managed",
      "type": "google_bigquery_dataset",
      "name": "gold",
      "provider": "provider[\"registry.terraform.io/hashicorp/google\"]",
      "instances": [
        {
          "schema_version": 0,
          "attributes": {
            "access": [
              {
                "condition": [],
                "dataset": [],
                "domain": "",
                "group_by_email": "",
                "iam_member": "",
                "role": "OWNER",
                "routine": [],
                "special_group": "",
                "user_by_email": "rk899866@gmail.com",
                "view": []
              },
              {
                "condition": [],
                "dataset": [],
                "domain": "",
                "group_by_email": "",
                "iam_member": "",
                "role": "OWNER",
                "routine": [],
                "special_group": "projectOwners",
                "user_by_email": "",
                "view": []
              },
              {
                "condition": [],
                "dataset": [],
                "domain": "",
                "group_by_email": "",
                "iam_member": "",
                "role": "READER",
                "routine": [],
                "special_group": "projectReaders",
                "user_by_email": "",
                "view": []
              },
              {
                "condition": [],
                "dataset": [],
                "domain": "",
                "group_by_email": "",
                "iam_member": "",
                "role": "WRITER",
                "routine": [],
                "special_group": "",
                "user_by_email": "portvessel-batch-dev@cloudprojects-506123.iam.gserviceaccount.com",
                "view": []
              },
              {
                "condition": [],
                "dataset": [],
                "domain": "",
                "group_by_email": "",
                "iam_member": "",
                "role": "WRITER",
                "routine": [],
                "special_group": "",
                "user_by_email": "portvessel-transform-dev@cloudprojects-506123.iam.gserviceaccount.com",
                "view": []
              },
              {
                "condition": [],
                "dataset": [],
                "domain": "",
                "group_by_email": "",
                "iam_member": "",
                "role": "WRITER",
                "routine": [],
                "special_group": "projectWriters",
                "user_by_email": "",
                "view": []
              }
            ],
            "creation_time": 1787616955442,
            "dataset_id": "portvessel_dev_gold",
            "default_collation": "",
            "default_encryption_configuration": [],
            "default_partition_expiration_ms": 0,
            "default_table_expiration_ms": 0,
            "delete_contents_on_destroy": false,
            "description": "",
            "effective_labels": {
              "environment": "dev",
              "goog-terraform-provisioned": "true",
              "layer": "gold",
              "project": "portvessel"
            },
            "etag": "9DNH74nqMN4qSZr4UmZ7Uw==",
            "external_catalog_dataset_options": [],
            "external_dataset_reference": [],
            "friendly_name": "",
            "id": "projects/cloudprojects-506123/datasets/portvessel_dev_gold",
            "is_case_insensitive": false,
            "labels": {
              "environment": "dev",
              "layer": "gold",
              "project": "portvessel"
            },
            "last_modified_time": 1787785262208,
            "location": "europe-west3",
            "max_time_travel_hours": "168",
            "project": "cloudprojects-506123",
            "resource_tags": {},
            "self_link": "https://bigquery.googleapis.com/bigquery/v2/projects/cloudprojects-506123/datasets/portvessel_dev_gold",
            "storage_billing_model": "",
            "terraform_labels": {
              "environment": "dev",
              "goog-terraform-provisioned": "true",
              "layer": "gold",
              "project": "portvessel"
            },
            "timeouts": null
          },
          "sensitive_attributes": [],
          "identity_schema_version": 0,
          "private": "eyJlMmJmYjczMC1lY2FhLTExZTYtOGY4OC0zNDM2M2JjN2M0YzAiOnsiY3JlYXRlIjoxMjAwMDAwMDAwMDAwLCJkZWxldGUiOjEyMDAwMDAwMDAwMDAsInVwZGF0ZSI6MTIwMDAwMDAwMDAwMH19",
          "dependencies": [
            "google_project_service.required"
          ]
        }
      ]
    },
    {
      "mode": "managed",
      "type": "google_bigquery_dataset",
      "name": "silver",
      "provider": "provider[\"registry.terraform.io/hashicorp/google\"]",
      "instances": [
        {
          "schema_version": 0,
          "attributes": {
            "access": [
              {
                "condition": [],
                "dataset": [],
                "domain": "",
                "group_by_email": "",
                "iam_member": "",
                "role": "OWNER",
                "routine": [],
                "special_group": "",
                "user_by_email": "rk899866@gmail.com",
                "view": []
              },
              {
                "condition": [],
                "dataset": [],
                "domain": "",
                "group_by_email": "",
                "iam_member": "",
                "role": "OWNER",
                "routine": [],
                "special_group": "projectOwners",
                "user_by_email": "",
                "view": []
              },
              {
                "condition": [],
                "dataset": [],
                "domain": "",
                "group_by_email": "",
                "iam_member": "",
                "role": "READER",
                "routine": [],
                "special_group": "projectReaders",
                "user_by_email": "",
                "view": []
              },
              {
                "condition": [],
                "dataset": [],
                "domain": "",
                "group_by_email": "",
                "iam_member": "",
                "role": "WRITER",
                "routine": [],
                "special_group": "",
                "user_by_email": "portvessel-batch-dev@cloudprojects-506123.iam.gserviceaccount.com",
                "view": []
              },
              {
                "condition": [],
                "dataset": [],
                "domain": "",
                "group_by_email": "",
                "iam_member": "",
                "role": "WRITER",
                "routine": [],
                "special_group": "",
                "user_by_email": "portvessel-transform-dev@cloudprojects-506123.iam.gserviceaccount.com",
                "view": []
              },
              {
                "condition": [],
                "dataset": [],
                "domain": "",
                "group_by_email": "",
                "iam_member": "",
                "role": "WRITER",
                "routine": [],
                "special_group": "projectWriters",
                "user_by_email": "",
                "view": []
              }
            ],
            "creation_time": 1787616955323,
            "dataset_id": "portvessel_dev_silver",
            "default_collation": "",
            "default_encryption_configuration": [],
            "default_partition_expiration_ms": 0,
            "default_table_expiration_ms": 0,
            "delete_contents_on_destroy": false,
            "description": "",
            "effective_labels": {
              "environment": "dev",
              "goog-terraform-provisioned": "true",
              "layer": "silver",
              "project": "portvessel"
            },
            "etag": "kUrdLAe4CkFk/ESL2OBamg==",
            "external_catalog_dataset_options": [],
            "external_dataset_reference": [],
            "friendly_name": "",
            "id": "projects/cloudprojects-506123/datasets/portvessel_dev_silver",
            "is_case_insensitive": false,
            "labels": {
              "environment": "dev",
              "layer": "silver",
              "project": "portvessel"
            },
            "last_modified_time": 1787785262218,
            "location": "europe-west3",
            "max_time_travel_hours": "168",
            "project": "cloudprojects-506123",
            "resource_tags": {},
            "self_link": "https://bigquery.googleapis.com/bigquery/v2/projects/cloudprojects-506123/datasets/portvessel_dev_silver",
            "storage_billing_model": "",
            "terraform_labels": {
              "environment": "dev",
              "goog-terraform-provisioned": "true",
              "layer": "silver",
              "project": "portvessel"
            },
            "timeouts": null
          },
          "sensitive_attributes": [],
          "identity_schema_version": 0,
          "private": "eyJlMmJmYjczMC1lY2FhLTExZTYtOGY4OC0zNDM2M2JjN2M0YzAiOnsiY3JlYXRlIjoxMjAwMDAwMDAwMDAwLCJkZWxldGUiOjEyMDAwMDAwMDAwMDAsInVwZGF0ZSI6MTIwMDAwMDAwMDAwMH19",
          "dependencies": [
            "google_project_service.required"
          ]
        }
      ]
    },
    {
      "mode": "managed",
      "type": "google_bigquery_dataset",
      "name": "staging",
      "provider": "provider[\"registry.terraform.io/hashicorp/google\"]",
      "instances": [
        {
          "schema_version": 0,
          "attributes": {
            "access": [
              {
                "condition": [],
                "dataset": [],
                "domain": "",
                "group_by_email": "",
                "iam_member": "",
                "role": "OWNER",
                "routine": [],
                "special_group": "",
                "user_by_email": "rk899866@gmail.com",
                "view": []
              },
              {
                "condition": [],
                "dataset": [],
                "domain": "",
                "group_by_email": "",
                "iam_member": "",
                "role": "OWNER",
                "routine": [],
                "special_group": "projectOwners",
                "user_by_email": "",
                "view": []
              },
              {
                "condition": [],
                "dataset": [],
                "domain": "",
                "group_by_email": "",
                "iam_member": "",
                "role": "READER",
                "routine": [],
                "special_group": "",
                "user_by_email": "portvessel-loader-dev@cloudprojects-506123.iam.gserviceaccount.com",
                "view": []
              },
              {
                "condition": [],
                "dataset": [],
                "domain": "",
                "group_by_email": "",
                "iam_member": "",
                "role": "READER",
                "routine": [],
                "special_group": "",
                "user_by_email": "portvessel-transform-dev@cloudprojects-506123.iam.gserviceaccount.com",
                "view": []
              },
              {
                "condition": [],
                "dataset": [],
                "domain": "",
                "group_by_email": "",
                "iam_member": "",
                "role": "READER",
                "routine": [],
                "special_group": "projectReaders",
                "user_by_email": "",
                "view": []
              },
              {
                "condition": [],
                "dataset": [],
                "domain": "",
                "group_by_email": "",
                "iam_member": "",
                "role": "WRITER",
                "routine": [],
                "special_group": "",
                "user_by_email": "portvessel-batch-dev@cloudprojects-506123.iam.gserviceaccount.com",
                "view": []
              },
              {
                "condition": [],
                "dataset": [],
                "domain": "",
                "group_by_email": "",
                "iam_member": "",
                "role": "WRITER",
                "routine": [],
                "special_group": "",
                "user_by_email": "portvessel-ingestion-dev@cloudprojects-506123.iam.gserviceaccount.com",
                "view": []
              },
              {
                "condition": [],
                "dataset": [],
                "domain": "",
                "group_by_email": "",
                "iam_member": "",
                "role": "WRITER",
                "routine": [],
                "special_group": "",
                "user_by_email": "portvessel-loader-dev@cloudprojects-506123.iam.gserviceaccount.com",
                "view": []
              },
              {
                "condition": [],
                "dataset": [],
                "domain": "",
                "group_by_email": "",
                "iam_member": "",
                "role": "WRITER",
                "routine": [],
                "special_group": "",
                "user_by_email": "portvessel-workflow-dev@cloudprojects-506123.iam.gserviceaccount.com",
                "view": []
              },
              {
                "condition": [],
                "dataset": [],
                "domain": "",
                "group_by_email": "",
                "iam_member": "",
                "role": "WRITER",
                "routine": [],
                "special_group": "projectWriters",
                "user_by_email": "",
                "view": []
              }
            ],
            "creation_time": 1787616955424,
            "dataset_id": "portvessel_dev_staging",
            "default_collation": "",
            "default_encryption_configuration": [],
            "default_partition_expiration_ms": 0,
            "default_table_expiration_ms": 0,
            "delete_contents_on_destroy": false,
            "description": "",
            "effective_labels": {
              "environment": "dev",
              "goog-terraform-provisioned": "true",
              "layer": "staging",
              "project": "portvessel"
            },
            "etag": "s1ig/AxXozBePlc7ymzvjg==",
            "external_catalog_dataset_options": [],
            "external_dataset_reference": [],
            "friendly_name": "",
            "id": "projects/cloudprojects-506123/datasets/portvessel_dev_staging",
            "is_case_insensitive": false,
            "labels": {
              "environment": "dev",
              "layer": "staging",
              "project": "portvessel"
            },
            "last_modified_time": 1787785262217,
            "location": "europe-west3",
            "max_time_travel_hours": "168",
            "project": "cloudprojects-506123",
            "resource_tags": {},
            "self_link": "https://bigquery.googleapis.com/bigquery/v2/projects/cloudprojects-506123/datasets/portvessel_dev_staging",
            "storage_billing_model": "",
            "terraform_labels": {
              "environment": "dev",
              "goog-terraform-provisioned": "true",
              "layer": "staging",
              "project": "portvessel"
            },
            "timeouts": null
          },
          "sensitive_attributes": [],
          "identity_schema_version": 0,
          "private": "eyJlMmJmYjczMC1lY2FhLTExZTYtOGY4OC0zNDM2M2JjN2M0YzAiOnsiY3JlYXRlIjoxMjAwMDAwMDAwMDAwLCJkZWxldGUiOjEyMDAwMDAwMDAwMDAsInVwZGF0ZSI6MTIwMDAwMDAwMDAwMH19",
          "dependencies": [
            "google_project_service.required"
          ]
        }
      ]
    },
    {
      "mode": "managed",
      "type": "google_bigquery_dataset_iam_member",
      "name": "batch_gold_editor",
      "provider": "provider[\"registry.terraform.io/hashicorp/google\"]",
      "instances": [
        {
          "schema_version": 0,
          "attributes": {
            "condition": [],
            "dataset_id": "portvessel_dev_gold",
            "etag": "",
            "id": "projects/cloudprojects-506123/datasets/portvessel_dev_gold/roles/bigquery.dataEditor/serviceAccount:portvessel-batch-dev@cloudprojects-506123.iam.gserviceaccount.com",
            "member": "serviceAccount:portvessel-batch-dev@cloudprojects-506123.iam.gserviceaccount.com",
            "project": "cloudprojects-506123",
            "role": "roles/bigquery.dataEditor"
          },
          "sensitive_attributes": [],
          "identity_schema_version": 0,
          "private": "bnVsbA==",
          "dependencies": [
            "google_bigquery_dataset.gold",
            "google_project_service.required",
            "google_service_account.batch"
          ]
        }
      ]
    },
    {
      "mode": "managed",
      "type": "google_bigquery_dataset_iam_member",
      "name": "batch_silver_editor",
      "provider": "provider[\"registry.terraform.io/hashicorp/google\"]",
      "instances": [
        {
          "schema_version": 0,
          "attributes": {
            "condition": [],
            "dataset_id": "portvessel_dev_silver",
            "etag": "",
            "id": "projects/cloudprojects-506123/datasets/portvessel_dev_silver/roles/bigquery.dataEditor/serviceAccount:portvessel-batch-dev@cloudprojects-506123.iam.gserviceaccount.com",
            "member": "serviceAccount:portvessel-batch-dev@cloudprojects-506123.iam.gserviceaccount.com",
            "project": "cloudprojects-506123",
            "role": "roles/bigquery.dataEditor"
          },
          "sensitive_attributes": [],
          "identity_schema_version": 0,
          "private": "bnVsbA==",
          "dependencies": [
            "google_bigquery_dataset.silver",
            "google_project_service.required",
            "google_service_account.batch"
          ]
        }
      ]
    },
    {
      "mode": "managed",
      "type": "google_bigquery_dataset_iam_member",
      "name": "batch_staging_editor",
      "provider": "provider[\"registry.terraform.io/hashicorp/google\"]",
      "instances": [
        {
          "schema_version": 0,
          "attributes": {
            "condition": [],
            "dataset_id": "portvessel_dev_staging",
            "etag": "",
            "id": "projects/cloudprojects-506123/datasets/portvessel_dev_staging/roles/bigquery.dataEditor/serviceAccount:portvessel-batch-dev@cloudprojects-506123.iam.gserviceaccount.com",
            "member": "serviceAccount:portvessel-batch-dev@cloudprojects-506123.iam.gserviceaccount.com",
            "project": "cloudprojects-506123",
            "role": "roles/bigquery.dataEditor"
          },
          "sensitive_attributes": [],
          "identity_schema_version": 0,
          "private": "bnVsbA==",
          "dependencies": [
            "google_bigquery_dataset.staging",
            "google_project_service.required",
            "google_service_account.batch"
          ]
        }
      ]
    },
    {
      "mode": "managed",
      "type": "google_bigquery_dataset_iam_member",
      "name": "ingestion_staging_editor",
      "provider": "provider[\"registry.terraform.io/hashicorp/google\"]",
      "instances": [
        {
          "schema_version": 0,
          "attributes": {
            "condition": [],
            "dataset_id": "portvessel_dev_staging",
            "etag": "",
            "id": "projects/cloudprojects-506123/datasets/portvessel_dev_staging/roles/bigquery.dataEditor/serviceAccount:portvessel-ingestion-dev@cloudprojects-506123.iam.gserviceaccount.com",
            "member": "serviceAccount:portvessel-ingestion-dev@cloudprojects-506123.iam.gserviceaccount.com",
            "project": "cloudprojects-506123",
            "role": "roles/bigquery.dataEditor"
          },
          "sensitive_attributes": [],
          "identity_schema_version": 0,
          "private": "bnVsbA==",
          "dependencies": [
            "google_bigquery_dataset.staging",
            "google_project_service.required",
            "google_service_account.ingestion"
          ]
        }
      ]
    },
    {
      "mode": "managed",
      "type": "google_bigquery_dataset_iam_member",
      "name": "loader_staging_editor",
      "provider": "provider[\"registry.terraform.io/hashicorp/google\"]",
      "instances": [
        {
          "schema_version": 0,
          "attributes": {
            "condition": [],
            "dataset_id": "portvessel_dev_staging",
            "etag": "",
            "id": "projects/cloudprojects-506123/datasets/portvessel_dev_staging/roles/bigquery.dataEditor/serviceAccount:portvessel-loader-dev@cloudprojects-506123.iam.gserviceaccount.com",
            "member": "serviceAccount:portvessel-loader-dev@cloudprojects-506123.iam.gserviceaccount.com",
            "project": "cloudprojects-506123",
            "role": "roles/bigquery.dataEditor"
          },
          "sensitive_attributes": [],
          "identity_schema_version": 0,
          "private": "bnVsbA==",
          "dependencies": [
            "google_bigquery_dataset.staging",
            "google_project_service.required",
            "google_service_account.loader"
          ]
        }
      ]
    },
    {
      "mode": "managed",
      "type": "google_bigquery_dataset_iam_member",
      "name": "loader_staging_viewer",
      "provider": "provider[\"registry.terraform.io/hashicorp/google\"]",
      "instances": [
        {
          "schema_version": 0,
          "attributes": {
            "condition": [],
            "dataset_id": "portvessel_dev_staging",
            "etag": "",
            "id": "projects/cloudprojects-506123/datasets/portvessel_dev_staging/roles/bigquery.dataViewer/serviceAccount:portvessel-loader-dev@cloudprojects-506123.iam.gserviceaccount.com",
            "member": "serviceAccount:portvessel-loader-dev@cloudprojects-506123.iam.gserviceaccount.com",
            "project": "cloudprojects-506123",
            "role": "roles/bigquery.dataViewer"
          },
          "sensitive_attributes": [],
          "identity_schema_version": 0,
          "private": "bnVsbA==",
          "dependencies": [
            "google_bigquery_dataset.staging",
            "google_project_service.required",
            "google_service_account.loader"
          ]
        }
      ]
    },
    {
      "mode": "managed",
      "type": "google_bigquery_dataset_iam_member",
      "name": "transform_dbt_seed_viewer",
      "provider": "provider[\"registry.terraform.io/hashicorp/google\"]",
      "instances": [
        {
          "schema_version": 0,
          "attributes": {
            "condition": [],
            "dataset_id": "portvessel_dev",
            "etag": "",
            "id": "projects/cloudprojects-506123/datasets/portvessel_dev/roles/bigquery.dataViewer/serviceAccount:portvessel-transform-dev@cloudprojects-506123.iam.gserviceaccount.com",
            "member": "serviceAccount:portvessel-transform-dev@cloudprojects-506123.iam.gserviceaccount.com",
            "project": "cloudprojects-506123",
            "role": "roles/bigquery.dataViewer"
          },
          "sensitive_attributes": [],
          "identity_schema_version": 0,
          "private": "bnVsbA==",
          "dependencies": [
            "google_service_account.transform"
          ]
        }
      ]
    },
    {
      "mode": "managed",
      "type": "google_bigquery_dataset_iam_member",
      "name": "transform_gold_editor",
      "provider": "provider[\"registry.terraform.io/hashicorp/google\"]",
      "instances": [
        {
          "schema_version": 0,
          "attributes": {
            "condition": [],
            "dataset_id": "portvessel_dev_gold",
            "etag": "",
            "id": "projects/cloudprojects-506123/datasets/portvessel_dev_gold/roles/bigquery.dataEditor/serviceAccount:portvessel-transform-dev@cloudprojects-506123.iam.gserviceaccount.com",
            "member": "serviceAccount:portvessel-transform-dev@cloudprojects-506123.iam.gserviceaccount.com",
            "project": "cloudprojects-506123",
            "role": "roles/bigquery.dataEditor"
          },
          "sensitive_attributes": [],
          "identity_schema_version": 0,
          "private": "bnVsbA==",
          "dependencies": [
            "google_bigquery_dataset.gold",
            "google_project_service.required",
            "google_service_account.transform"
          ]
        }
      ]
    },
    {
      "mode": "managed",
      "type": "google_bigquery_dataset_iam_member",
      "name": "transform_silver_editor",
      "provider": "provider[\"registry.terraform.io/hashicorp/google\"]",
      "instances": [
        {
          "schema_version": 0,
          "attributes": {
            "condition": [],
            "dataset_id": "portvessel_dev_silver",
            "etag": "",
            "id": "projects/cloudprojects-506123/datasets/portvessel_dev_silver/roles/bigquery.dataEditor/serviceAccount:portvessel-transform-dev@cloudprojects-506123.iam.gserviceaccount.com",
            "member": "serviceAccount:portvessel-transform-dev@cloudprojects-506123.iam.gserviceaccount.com",
            "project": "cloudprojects-506123",
            "role": "roles/bigquery.dataEditor"
          },
          "sensitive_attributes": [],
          "identity_schema_version": 0,
          "private": "bnVsbA==",
          "dependencies": [
            "google_bigquery_dataset.silver",
            "google_project_service.required",
            "google_service_account.transform"
          ]
        }
      ]
    },
    {
      "mode": "managed",
      "type": "google_bigquery_dataset_iam_member",
      "name": "transform_staging_viewer",
      "provider": "provider[\"registry.terraform.io/hashicorp/google\"]",
      "instances": [
        {
          "schema_version": 0,
          "attributes": {
            "condition": [],
            "dataset_id": "portvessel_dev_staging",
            "etag": "",
            "id": "projects/cloudprojects-506123/datasets/portvessel_dev_staging/roles/bigquery.dataViewer/serviceAccount:portvessel-transform-dev@cloudprojects-506123.iam.gserviceaccount.com",
            "member": "serviceAccount:portvessel-transform-dev@cloudprojects-506123.iam.gserviceaccount.com",
            "project": "cloudprojects-506123",
            "role": "roles/bigquery.dataViewer"
          },
          "sensitive_attributes": [],
          "identity_schema_version": 0,
          "private": "bnVsbA==",
          "dependencies": [
            "google_bigquery_dataset.staging",
            "google_project_service.required",
            "google_service_account.transform"
          ]
        }
      ]
    },
    {
      "mode": "managed",
      "type": "google_bigquery_dataset_iam_member",
      "name": "workflow_cursor_editor",
      "provider": "provider[\"registry.terraform.io/hashicorp/google\"]",
      "instances": [
        {
          "schema_version": 0,
          "attributes": {
            "condition": [],
            "dataset_id": "portvessel_dev_staging",
            "etag": "",
            "id": "projects/cloudprojects-506123/datasets/portvessel_dev_staging/roles/bigquery.dataEditor/serviceAccount:portvessel-workflow-dev@cloudprojects-506123.iam.gserviceaccount.com",
            "member": "serviceAccount:portvessel-workflow-dev@cloudprojects-506123.iam.gserviceaccount.com",
            "project": "cloudprojects-506123",
            "role": "roles/bigquery.dataEditor"
          },
          "sensitive_attributes": [],
          "identity_schema_version": 0,
          "private": "bnVsbA==",
          "dependencies": [
            "google_bigquery_dataset.staging",
            "google_project_service.required",
            "google_service_account.workflow"
          ]
        }
      ]
    },
    {
      "mode": "managed",
      "type": "google_bigquery_dataset_iam_member",
      "name": "workflow_quality_editor",
      "provider": "provider[\"registry.terraform.io/hashicorp/google\"]",
      "instances": [
        {
          "schema_version": 0,
          "attributes": {
            "condition": [],
            "dataset_id": "portvessel_dev_staging",
            "etag": "",
            "id": "projects/cloudprojects-506123/datasets/portvessel_dev_staging/roles/bigquery.dataEditor/serviceAccount:portvessel-workflow-dev@cloudprojects-506123.iam.gserviceaccount.com",
            "member": "serviceAccount:portvessel-workflow-dev@cloudprojects-506123.iam.gserviceaccount.com",
            "project": "cloudprojects-506123",
            "role": "roles/bigquery.dataEditor"
          },
          "sensitive_attributes": [],
          "identity_schema_version": 0,
          "private": "bnVsbA==",
          "dependencies": [
            "google_bigquery_dataset.staging",
            "google_project_service.required",
            "google_service_account.workflow"
          ]
        }
      ]
    },
    {
      "mode": "managed",
      "type": "google_cloud_run_v2_job",
      "name": "ingestion",
      "provider": "provider[\"registry.terraform.io/hashicorp/google\"]",
      "instances": [
        {
          "schema_version": 0,
          "attributes": {
            "annotations": {},
            "binary_authorization": [],
            "client": "",
            "client_version": "",
            "conditions": [],
            "create_time": "2026-08-26T01:45:55.279452Z",
            "creator": "rk899866@gmail.com",
            "delete_time": "",
            "deletion_protection": true,
            "effective_annotations": {},
            "effective_labels": {},
            "etag": "\"CN7TudQGELDTsoUD/cHJvamVjdHMvY2xvdWRwcm9qZWN0cy01MDYxMjMvbG9jYXRpb25zL2V1cm9wZS13ZXN0My9qb2JzL3BvcnR2ZXNzZWwtaW5nZXN0aW9uLWRldg\"",
            "execution_count": 22,
            "expire_time": "",
            "generation": "8",
            "id": "projects/cloudprojects-506123/locations/europe-west3/jobs/portvessel-ingestion-dev",
            "labels": {},
            "last_modifier": "rk899866@gmail.com",
            "latest_created_execution": [
              {
                "completion_time": "2026-08-26T23:25:31.721631Z",
                "create_time": "2026-08-26T23:23:16.035901Z",
                "name": "portvessel-ingestion-dev-xcl6q"
              }
            ],
            "launch_stage": "GA",
            "location": "europe-west3",
            "name": "portvessel-ingestion-dev",
            "observed_generation": "8",
            "project": "cloudprojects-506123",
            "reconciling": false,
            "template": [
              {
                "annotations": {},
                "labels": {},
                "parallelism": 0,
                "task_count": 1,
                "template": [
                  {
                    "containers": [
                      {
                        "args": [],
                        "command": [],
                        "depends_on": [],
                        "env": [
                          {
                            "name": "BQ_LOCATION",
                            "value": "europe-west3",
                            "value_source": []
                          },
                          {
                            "name": "CURSOR_DATASET",
                            "value": "portvessel_dev_staging",
                            "value_source": []
                          },
                          {
                            "name": "CURSOR_TABLE",
                            "value": "pipeline_cursor",
                            "value_source": []
                          },
                          {
                            "name": "GCP_PROJECT_ID",
                            "value": "cloudprojects-506123",
                            "value_source": []
                          },
                          {
                            "name": "GCS_PROCESSED_BUCKET",
                            "value": "cloudprojects-506123-portvessel-dev-processed",
                            "value_source": []
                          },
                          {
                            "name": "GCS_RAW_BUCKET",
                            "value": "cloudprojects-506123-portvessel-dev-raw",
                            "value_source": []
                          },
                          {
                            "name": "MANIFEST_PREFIX",
                            "value": "manifests/ais",
                            "value_source": []
                          },
                          {
                            "name": "PIPELINE_START_DATE",
                            "value": "2024-01-01",
                            "value_source": []
                          },
                          {
                            "name": "PROCESSED_PREFIX",
                            "value": "processed/ais",
                            "value_source": []
                          },
                          {
                            "name": "QUARANTINE_PREFIX",
                            "value": "quarantine/ais",
                            "value_source": []
                          },
                          {
                            "name": "RAW_PREFIX",
                            "value": "raw/noaa_ais",
                            "value_source": []
                          }
                        ],
                        "image": "europe-west3-docker.pkg.dev/cloudprojects-506123/portvessel/ingestion:workflow-v2",
                        "name": "ingestion",
                        "ports": [],
                        "resources": [
                          {
                            "limits": {
                              "cpu": "4",
                              "memory": "16Gi"
                            }
                          }
                        ],
                        "startup_probe": [],
                        "volume_mounts": [],
                        "working_dir": ""
                      }
                    ],
                    "encryption_key": "",
                    "execution_environment": "EXECUTION_ENVIRONMENT_GEN2",
                    "gpu_zonal_redundancy_disabled": false,
                    "max_retries": 1,
                    "node_selector": [],
                    "service_account": "portvessel-ingestion-dev@cloudprojects-506123.iam.gserviceaccount.com",
                    "timeout": "3600s",
                    "volumes": [],
                    "vpc_access": []
                  }
                ]
              }
            ],
            "terminal_condition": [
              {
                "execution_reason": "",
                "last_transition_time": "",
                "message": "",
                "reason": "",
                "revision_reason": "",
                "severity": "",
                "state": "CONDITION_SUCCEEDED",
                "type": "Ready"
              }
            ],
            "terraform_labels": {},
            "timeouts": null,
            "uid": "113f89b6-03d8-4725-af56-bdcfc2ee193d",
            "update_time": "2026-08-26T04:21:50.816622Z"
          },
          "sensitive_attributes": [],
          "identity_schema_version": 0,
          "private": "eyJlMmJmYjczMC1lY2FhLTExZTYtOGY4OC0zNDM2M2JjN2M0YzAiOnsiY3JlYXRlIjoxMjAwMDAwMDAwMDAwLCJkZWxldGUiOjEyMDAwMDAwMDAwMDAsInVwZGF0ZSI6MTIwMDAwMDAwMDAwMH19",
          "dependencies": [
            "google_bigquery_dataset.staging",
            "google_project_service.required",
            "google_service_account.ingestion",
            "google_storage_bucket.processed",
            "google_storage_bucket.raw"
          ]
        }
      ]
    },
    {
      "mode": "managed",
      "type": "google_cloud_run_v2_job",
      "name": "loader",
      "provider": "provider[\"registry.terraform.io/hashicorp/google\"]",
      "instances": [
        {
          "schema_version": 0,
          "attributes": {
            "annotations": {},
            "binary_authorization": [],
            "client": "",
            "client_version": "",
            "conditions": [],
            "create_time": "2026-08-26T02:37:06.218866Z",
            "creator": "rk899866@gmail.com",
            "delete_time": "",
            "deletion_protection": true,
            "effective_annotations": {},
            "effective_labels": {},
            "etag": "\"CLjQvNQGEIjqwHw/cHJvamVjdHMvY2xvdWRwcm9qZWN0cy01MDYxMjMvbG9jYXRpb25zL2V1cm9wZS13ZXN0My9qb2JzL3BvcnR2ZXNzZWwtYnEtbG9hZGVyLWRldg\"",
            "execution_count": 15,
            "expire_time": "",
            "generation": "3",
            "id": "projects/cloudprojects-506123/locations/europe-west3/jobs/portvessel-bq-loader-dev",
            "labels": {},
            "last_modifier": "rk899866@gmail.com",
            "latest_created_execution": [
              {
                "completion_time": "2026-08-26T23:26:03.765743Z",
                "create_time": "2026-08-26T23:25:38.232660Z",
                "name": "portvessel-bq-loader-dev-cpgvp"
              }
            ],
            "launch_stage": "GA",
            "location": "europe-west3",
            "name": "portvessel-bq-loader-dev",
            "observed_generation": "3",
            "project": "cloudprojects-506123",
            "reconciling": false,
            "template": [
              {
                "annotations": {},
                "labels": {},
                "parallelism": 0,
                "task_count": 1,
                "template": [
                  {
                    "containers": [
                      {
                        "args": [],
                        "command": [],
                        "depends_on": [],
                        "env": [
                          {
                            "name": "AUDIT_DATASET",
                            "value": "portvessel_dev_staging",
                            "value_source": []
                          },
                          {
                            "name": "AUDIT_TABLE",
                            "value": "ingestion_run_audit",
                            "value_source": []
                          },
                          {
                            "name": "BQ_DATASET",
                            "value": "portvessel_dev_staging",
                            "value_source": []
                          },
                          {
                            "name": "BQ_LOCATION",
                            "value": "europe-west3",
                            "value_source": []
                          },
                          {
                            "name": "BQ_TABLE",
                            "value": "ais_pings",
                            "value_source": []
                          },
                          {
                            "name": "GCP_PROJECT_ID",
                            "value": "cloudprojects-506123",
                            "value_source": []
                          },
                          {
                            "name": "GCS_PROCESSED_BUCKET",
                            "value": "cloudprojects-506123-portvessel-dev-processed",
                            "value_source": []
                          },
                          {
                            "name": "PIPELINE_NAME",
                            "value": "portvessel_noaa_daily_ingestion",
                            "value_source": []
                          }
                        ],
                        "image": "europe-west3-docker.pkg.dev/cloudprojects-506123/portvessel/bq-loader:v2",
                        "name": "loader",
                        "ports": [],
                        "resources": [
                          {
                            "limits": {
                              "cpu": "1000m",
                              "memory": "512Mi"
                            }
                          }
                        ],
                        "startup_probe": [],
                        "volume_mounts": [],
                        "working_dir": ""
                      }
                    ],
                    "encryption_key": "",
                    "execution_environment": "EXECUTION_ENVIRONMENT_GEN2",
                    "gpu_zonal_redundancy_disabled": false,
                    "max_retries": 1,
                    "node_selector": [],
                    "service_account": "portvessel-loader-dev@cloudprojects-506123.iam.gserviceaccount.com",
                    "timeout": "3600s",
                    "volumes": [],
                    "vpc_access": []
                  }
                ]
              }
            ],
            "terminal_condition": [
              {
                "execution_reason": "",
                "last_transition_time": "",
                "message": "",
                "reason": "",
                "revision_reason": "",
                "severity": "",
                "state": "CONDITION_SUCCEEDED",
                "type": "Ready"
              }
            ],
            "terraform_labels": {},
            "timeouts": null,
            "uid": "5d42b265-ead9-4b21-8014-e043788c2c22",
            "update_time": "2026-08-26T17:54:00.261109Z"
          },
          "sensitive_attributes": [],
          "identity_schema_version": 0,
          "private": "eyJlMmJmYjczMC1lY2FhLTExZTYtOGY4OC0zNDM2M2JjN2M0YzAiOnsiY3JlYXRlIjoxMjAwMDAwMDAwMDAwLCJkZWxldGUiOjEyMDAwMDAwMDAwMDAsInVwZGF0ZSI6MTIwMDAwMDAwMDAwMH19",
          "dependencies": [
            "google_bigquery_dataset.staging",
            "google_project_service.required",
            "google_service_account.loader",
            "google_storage_bucket.processed"
          ]
        }
      ]
    },
    {
      "mode": "managed",
      "type": "google_cloud_run_v2_job",
      "name": "quality",
      "provider": "provider[\"registry.terraform.io/hashicorp/google\"]",
      "instances": [
        {
          "schema_version": 0,
          "attributes": {
            "annotations": {},
            "binary_authorization": [],
            "client": "",
            "client_version": "",
            "conditions": [],
            "create_time": "2026-08-26T06:22:25.529565Z",
            "creator": "rk899866@gmail.com",
            "delete_time": "",
            "deletion_protection": true,
            "effective_annotations": {},
            "effective_labels": {
              "goog-terraform-provisioned": "true"
            },
            "etag": "\"CNznvNQGELC7mmw/cHJvamVjdHMvY2xvdWRwcm9qZWN0cy01MDYxMjMvbG9jYXRpb25zL2V1cm9wZS13ZXN0My9qb2JzL3BvcnR2ZXNzZWwtcXVhbGl0eS1kZXY\"",
            "execution_count": 12,
            "expire_time": "",
            "generation": "7",
            "id": "projects/cloudprojects-506123/locations/europe-west3/jobs/portvessel-quality-dev",
            "labels": {},
            "last_modifier": "rk899866@gmail.com",
            "latest_created_execution": [
              {
                "completion_time": "2026-08-26T20:33:24.340876Z",
                "create_time": "2026-08-26T20:32:48.491812Z",
                "name": "portvessel-quality-dev-v6zhz"
              }
            ],
            "launch_stage": "GA",
            "location": "europe-west3",
            "name": "portvessel-quality-dev",
            "observed_generation": "7",
            "project": "cloudprojects-506123",
            "reconciling": false,
            "template": [
              {
                "annotations": {},
                "labels": {},
                "parallelism": 0,
                "task_count": 1,
                "template": [
                  {
                    "containers": [
                      {
                        "args": [],
                        "command": [],
                        "depends_on": [],
                        "env": [
                          {
                            "name": "BQ_LOCATION",
                            "value": "europe-west3",
                            "value_source": []
                          },
                          {
                            "name": "GCP_PROJECT_ID",
                            "value": "cloudprojects-506123",
                            "value_source": []
                          },
                          {
                            "name": "GCS_PROCESSED_BUCKET",
                            "value": "cloudprojects-506123-portvessel-dev-processed",
                            "value_source": []
                          },
                          {
                            "name": "QUALITY_DATASET",
                            "value": "portvessel_dev_staging",
                            "value_source": []
                          }
                        ],
                        "image": "europe-west3-docker.pkg.dev/cloudprojects-506123/portvessel/quality:v6",
                        "name": "quality",
                        "ports": [],
                        "resources": [
                          {
                            "limits": {
                              "cpu": "1000m",
                              "memory": "512Mi"
                            }
                          }
                        ],
                        "startup_probe": [],
                        "volume_mounts": [],
                        "working_dir": ""
                      }
                    ],
                    "encryption_key": "",
                    "execution_environment": "EXECUTION_ENVIRONMENT_GEN2",
                    "gpu_zonal_redundancy_disabled": false,
                    "max_retries": 1,
                    "node_selector": [],
                    "service_account": "portvessel-workflow-dev@cloudprojects-506123.iam.gserviceaccount.com",
                    "timeout": "1800s",
                    "volumes": [],
                    "vpc_access": []
                  }
                ]
              }
            ],
            "terminal_condition": [
              {
                "execution_reason": "",
                "last_transition_time": "",
                "message": "",
                "reason": "",
                "revision_reason": "",
                "severity": "",
                "state": "CONDITION_SUCCEEDED",
                "type": "Ready"
              }
            ],
            "terraform_labels": {
              "goog-terraform-provisioned": "true"
            },
            "timeouts": null,
            "uid": "78a6b47d-fae4-4e04-9634-42384a2d3df9",
            "update_time": "2026-08-26T18:43:40.226926Z"
          },
          "sensitive_attributes": [],
          "identity_schema_version": 0,
          "private": "eyJlMmJmYjczMC1lY2FhLTExZTYtOGY4OC0zNDM2M2JjN2M0YzAiOnsiY3JlYXRlIjoxMjAwMDAwMDAwMDAwLCJkZWxldGUiOjEyMDAwMDAwMDAwMDAsInVwZGF0ZSI6MTIwMDAwMDAwMDAwMH19",
          "dependencies": [
            "google_bigquery_dataset.staging",
            "google_project_service.required",
            "google_service_account.workflow",
            "google_storage_bucket.processed"
          ]
        }
      ]
    },
    {
      "mode": "managed",
      "type": "google_cloud_run_v2_job",
      "name": "transform",
      "provider": "provider[\"registry.terraform.io/hashicorp/google\"]",
      "instances": [
        {
          "schema_version": 0,
          "attributes": {
            "annotations": {},
            "binary_authorization": [],
            "client": "",
            "client_version": "",
            "conditions": [],
            "create_time": "2026-08-26T23:01:01.782001Z",
            "creator": "rk899866@gmail.com",
            "delete_time": "",
            "deletion_protection": true,
            "effective_annotations": {},
            "effective_labels": {
              "goog-terraform-provisioned": "true"
            },
            "etag": "\"CNDqvdQGEMDAga4D/cHJvamVjdHMvY2xvdWRwcm9qZWN0cy01MDYxMjMvbG9jYXRpb25zL2V1cm9wZS13ZXN0My9qb2JzL3BvcnR2ZXNzZWwtZGJ0LXRyYW5zZm9ybS1kZXY\"",
            "execution_count": 2,
            "expire_time": "",
            "generation": "2",
            "id": "projects/cloudprojects-506123/locations/europe-west3/jobs/portvessel-dbt-transform-dev",
            "labels": {},
            "last_modifier": "rk899866@gmail.com",
            "latest_created_execution": [
              {
                "completion_time": "2026-08-26T23:28:07.771442Z",
                "create_time": "2026-08-26T23:26:06.529954Z",
                "name": "portvessel-dbt-transform-dev-2lc66"
              }
            ],
            "launch_stage": "GA",
            "location": "europe-west3",
            "name": "portvessel-dbt-transform-dev",
            "observed_generation": "2",
            "project": "cloudprojects-506123",
            "reconciling": false,
            "template": [
              {
                "annotations": {},
                "labels": {},
                "parallelism": 0,
                "task_count": 1,
                "template": [
                  {
                    "containers": [
                      {
                        "args": [],
                        "command": [],
                        "depends_on": [],
                        "env": [
                          {
                            "name": "BQ_LOCATION",
                            "value": "europe-west3",
                            "value_source": []
                          },
                          {
                            "name": "DBT_TARGET_DATASET",
                            "value": "portvessel_dev",
                            "value_source": []
                          },
                          {
                            "name": "GCP_PROJECT_ID",
                            "value": "cloudprojects-506123",
                            "value_source": []
                          }
                        ],
                        "image": "europe-west3-docker.pkg.dev/cloudprojects-506123/portvessel/dbt-transform:v2",
                        "name": "transform",
                        "ports": [],
                        "resources": [
                          {
                            "limits": {
                              "cpu": "1000m",
                              "memory": "512Mi"
                            }
                          }
                        ],
                        "startup_probe": [],
                        "volume_mounts": [],
                        "working_dir": ""
                      }
                    ],
                    "encryption_key": "",
                    "execution_environment": "EXECUTION_ENVIRONMENT_GEN2",
                    "gpu_zonal_redundancy_disabled": false,
                    "max_retries": 1,
                    "node_selector": [],
                    "service_account": "portvessel-transform-dev@cloudprojects-506123.iam.gserviceaccount.com",
                    "timeout": "3600s",
                    "volumes": [],
                    "vpc_access": []
                  }
                ]
              }
            ],
            "terminal_condition": [
              {
                "execution_reason": "",
                "last_transition_time": "",
                "message": "",
                "reason": "",
                "revision_reason": "",
                "severity": "",
                "state": "CONDITION_SUCCEEDED",
                "type": "Ready"
              }
            ],
            "terraform_labels": {
              "goog-terraform-provisioned": "true"
            },
            "timeouts": null,
            "uid": "3c32352a-c67f-4df0-bf95-8ad928db7130",
            "update_time": "2026-08-26T23:22:56.901800Z"
          },
          "sensitive_attributes": [],
          "identity_schema_version": 0,
          "private": "eyJlMmJmYjczMC1lY2FhLTExZTYtOGY4OC0zNDM2M2JjN2M0YzAiOnsiY3JlYXRlIjoxMjAwMDAwMDAwMDAwLCJkZWxldGUiOjEyMDAwMDAwMDAwMDAsInVwZGF0ZSI6MTIwMDAwMDAwMDAwMH19",
          "dependencies": [
            "google_service_account.transform"
          ]
        }
      ]
    },
    {
      "mode": "managed",
      "type": "google_cloud_run_v2_job_iam_member",
      "name": "workflow_transform_runner",
      "provider": "provider[\"registry.terraform.io/hashicorp/google\"]",
      "instances": [
        {
          "schema_version": 0,
          "attributes": {
            "condition": [],
            "etag": "BwZZ+zIhegc=",
            "id": "projects/cloudprojects-506123/locations/europe-west3/jobs/portvessel-dbt-transform-dev/roles/run.invoker/serviceAccount:portvessel-workflow-dev@cloudprojects-506123.iam.gserviceaccount.com",
            "location": "europe-west3",
            "member": "serviceAccount:portvessel-workflow-dev@cloudprojects-506123.iam.gserviceaccount.com",
            "name": "projects/cloudprojects-506123/locations/europe-west3/jobs/portvessel-dbt-transform-dev",
            "project": "cloudprojects-506123",
            "role": "roles/run.invoker"
          },
          "sensitive_attributes": [],
          "identity_schema_version": 0,
          "private": "bnVsbA==",
          "dependencies": [
            "google_cloud_run_v2_job.transform",
            "google_service_account.transform",
            "google_service_account.workflow"
          ]
        }
      ]
    },
    {
      "mode": "managed",
      "type": "google_cloud_scheduler_job",
      "name": "workflow_trigger",
      "provider": "provider[\"registry.terraform.io/hashicorp/google\"]",
      "instances": [
        {
          "schema_version": 0,
          "attributes": {
            "app_engine_http_target": [],
            "attempt_deadline": "180s",
            "description": "",
            "http_target": [
              {
                "body": "eyJhcmd1bWVudCI6IntcImN1cnNvcl9kYXRhc2V0XCI6XCJwb3J0dmVzc2VsX2Rldl9zdGFnaW5nXCIsXCJjdXJzb3JfdGFibGVcIjpcInBpcGVsaW5lX2N1cnNvclwiLFwiaW5nZXN0aW9uX2pvYlwiOlwicG9ydHZlc3NlbC1pbmdlc3Rpb24tZGV2XCIsXCJsb2FkZXJfam9iXCI6XCJwb3J0dmVzc2VsLWJxLWxvYWRlci1kZXZcIixcInBpcGVsaW5lX25hbWVcIjpcInBvcnR2ZXNzZWxfbm9hYV9kYWlseV9pbmdlc3Rpb25cIixcInByb2plY3RcIjpcImNsb3VkcHJvamVjdHMtNTA2MTIzXCIsXCJxdWFsaXR5X2pvYlwiOlwicG9ydHZlc3NlbC1xdWFsaXR5LWRldlwiLFwicmVnaW9uXCI6XCJldXJvcGUtd2VzdDNcIixcInRyYW5zZm9ybV9qb2JcIjpcInBvcnR2ZXNzZWwtZGJ0LXRyYW5zZm9ybS1kZXZcIn0ifQ==",
                "headers": {
                  "Content-Type": "application/json"
                },
                "http_method": "POST",
                "oauth_token": [
                  {
                    "scope": "https://www.googleapis.com/auth/cloud-platform",
                    "service_account_email": "portvessel-workflow-dev@cloudprojects-506123.iam.gserviceaccount.com"
                  }
                ],
                "oidc_token": [],
                "uri": "https://workflowexecutions.googleapis.com/v1/projects/cloudprojects-506123/locations/europe-west3/workflows/portvessel-daily-orchestration-dev/executions"
              }
            ],
            "id": "projects/cloudprojects-506123/locations/europe-west3/jobs/portvessel-workflow-daily-dev",
            "name": "portvessel-workflow-daily-dev",
            "paused": false,
            "project": "cloudprojects-506123",
            "pubsub_target": [],
            "region": "europe-west3",
            "retry_config": [],
            "schedule": "0 2 * * *",
            "state": "ENABLED",
            "time_zone": "Europe/Berlin",
            "timeouts": null
          },
          "sensitive_attributes": [],
          "identity_schema_version": 0,
          "private": "eyJlMmJmYjczMC1lY2FhLTExZTYtOGY4OC0zNDM2M2JjN2M0YzAiOnsiY3JlYXRlIjoxMjAwMDAwMDAwMDAwLCJkZWxldGUiOjEyMDAwMDAwMDAwMDAsInVwZGF0ZSI6MTIwMDAwMDAwMDAwMH19",
          "dependencies": [
            "google_bigquery_dataset.staging",
            "google_cloud_run_v2_job.ingestion",
            "google_cloud_run_v2_job.loader",
            "google_cloud_run_v2_job.quality",
            "google_cloud_run_v2_job.transform",
            "google_project_service.required",
            "google_service_account.ingestion",
            "google_service_account.loader",
            "google_service_account.transform",
            "google_service_account.workflow",
            "google_storage_bucket.processed",
            "google_storage_bucket.raw"
          ]
        }
      ]
    },
    {
      "mode": "managed",
      "type": "google_monitoring_alert_policy",
      "name": "quality_failures",
      "provider": "provider[\"registry.terraform.io/hashicorp/google\"]",
      "instances": [
        {
          "schema_version": 0,
          "attributes": {
            "alert_strategy": [
              {
                "auto_close": "",
                "notification_channel_strategy": [],
                "notification_prompts": [],
                "notification_rate_limit": [
                  {
                    "period": "300s"
                  }
                ]
              }
            ],
            "combiner": "OR",
            "conditions": [
              {
                "condition_absent": [],
                "condition_matched_log": [
                  {
                    "filter": "resource.type=\"cloud_run_job\" resource.labels.job_name=\"portvessel-quality-dev\" severity\u003e=ERROR",
                    "label_extractors": {}
                  }
                ],
                "condition_monitoring_query_language": [],
                "condition_prometheus_query_language": [],
                "condition_sql": [],
                "condition_threshold": [],
                "display_name": "Quality Job failed",
                "name": "projects/cloudprojects-506123/alertPolicies/312766484219424282/conditions/312766484219424737"
              }
            ],
            "creation_record": [
              {
                "mutate_time": "2026-08-26T07:07:04.078446483Z",
                "mutated_by": "rk899866@gmail.com"
              }
            ],
            "display_name": "PortVessel data quality failures",
            "documentation": [
              {
                "content": "The PortVessel quality stage logged an error. Cursor advancement should be blocked; inspect the quality Job execution and data_quality_results.",
                "links": [],
                "mime_type": "text/markdown",
                "subject": ""
              }
            ],
            "enabled": true,
            "id": "projects/cloudprojects-506123/alertPolicies/312766484219424282",
            "name": "projects/cloudprojects-506123/alertPolicies/312766484219424282",
            "notification_channels": [
              "projects/cloudprojects-506123/notificationChannels/2622743097378718902"
            ],
            "project": "cloudprojects-506123",
            "severity": "",
            "timeouts": null,
            "user_labels": {
              "environment": "dev",
              "project": "portvessel",
              "severity": "warning"
            }
          },
          "sensitive_attributes": [],
          "identity_schema_version": 0,
          "private": "eyJlMmJmYjczMC1lY2FhLTExZTYtOGY4OC0zNDM2M2JjN2M0YzAiOnsiY3JlYXRlIjoxMjAwMDAwMDAwMDAwLCJkZWxldGUiOjEyMDAwMDAwMDAwMDAsInVwZGF0ZSI6MTIwMDAwMDAwMDAwMH19",
          "dependencies": [
            "google_monitoring_notification_channel.email"
          ]
        }
      ]
    },
    {
      "mode": "managed",
      "type": "google_monitoring_alert_policy",
      "name": "workflow_failures",
      "provider": "provider[\"registry.terraform.io/hashicorp/google\"]",
      "instances": [
        {
          "schema_version": 0,
          "attributes": {
            "alert_strategy": [
              {
                "auto_close": "",
                "notification_channel_strategy": [],
                "notification_prompts": [],
                "notification_rate_limit": [
                  {
                    "period": "300s"
                  }
                ]
              }
            ],
            "combiner": "OR",
            "conditions": [
              {
                "condition_absent": [],
                "condition_matched_log": [
                  {
                    "filter": "resource.type=\"workflows.googleapis.com/Workflow\" resource.labels.workflow_id=\"portvessel-daily-orchestration-dev\" severity\u003e=ERROR",
                    "label_extractors": {}
                  }
                ],
                "condition_monitoring_query_language": [],
                "condition_prometheus_query_language": [],
                "condition_sql": [],
                "condition_threshold": [],
                "display_name": "Workflow execution failed",
                "name": "projects/cloudprojects-506123/alertPolicies/10891126770686270789/conditions/10891126770686271182"
              }
            ],
            "creation_record": [
              {
                "mutate_time": "2026-08-26T07:07:01.759236243Z",
                "mutated_by": "rk899866@gmail.com"
              }
            ],
            "display_name": "PortVessel workflow failures",
            "documentation": [
              {
                "content": "A PortVessel workflow execution failed. Inspect the workflow execution, Cloud Run Job logs, and pipeline cursor before retrying.",
                "links": [],
                "mime_type": "text/markdown",
                "subject": ""
              }
            ],
            "enabled": true,
            "id": "projects/cloudprojects-506123/alertPolicies/10891126770686270789",
            "name": "projects/cloudprojects-506123/alertPolicies/10891126770686270789",
            "notification_channels": [
              "projects/cloudprojects-506123/notificationChannels/2622743097378718902"
            ],
            "project": "cloudprojects-506123",
            "severity": "",
            "timeouts": null,
            "user_labels": {
              "environment": "dev",
              "project": "portvessel",
              "severity": "critical"
            }
          },
          "sensitive_attributes": [],
          "identity_schema_version": 0,
          "private": "eyJlMmJmYjczMC1lY2FhLTExZTYtOGY4OC0zNDM2M2JjN2M0YzAiOnsiY3JlYXRlIjoxMjAwMDAwMDAwMDAwLCJkZWxldGUiOjEyMDAwMDAwMDAwMDAsInVwZGF0ZSI6MTIwMDAwMDAwMDAwMH19",
          "dependencies": [
            "google_monitoring_notification_channel.email"
          ]
        }
      ]
    },
    {
      "mode": "managed",
      "type": "google_monitoring_notification_channel",
      "name": "email",
      "provider": "provider[\"registry.terraform.io/hashicorp/google\"]",
      "instances": [
        {
          "schema_version": 0,
          "attributes": {
            "description": "",
            "display_name": "PortVessel operations email",
            "enabled": true,
            "force_delete": false,
            "id": "projects/cloudprojects-506123/notificationChannels/2622743097378718902",
            "labels": {
              "email_address": "rk899866@gmail.com"
            },
            "name": "projects/cloudprojects-506123/notificationChannels/2622743097378718902",
            "project": "cloudprojects-506123",
            "sensitive_labels": [],
            "timeouts": null,
            "type": "email",
            "user_labels": {},
            "verification_status": ""
          },
          "sensitive_attributes": [],
          "identity_schema_version": 0,
          "private": "eyJlMmJmYjczMC1lY2FhLTExZTYtOGY4OC0zNDM2M2JjN2M0YzAiOnsiY3JlYXRlIjoxMjAwMDAwMDAwMDAwLCJkZWxldGUiOjEyMDAwMDAwMDAwMDAsInVwZGF0ZSI6MTIwMDAwMDAwMDAwMH19"
        }
      ]
    },
    {
      "mode": "managed",
      "type": "google_project_iam_member",
      "name": "batch_bq_job",
      "provider": "provider[\"registry.terraform.io/hashicorp/google\"]",
      "instances": [
        {
          "schema_version": 0,
          "attributes": {
            "condition": [],
            "etag": "BwZZ+zG5R8U=",
            "id": "cloudprojects-506123/roles/bigquery.jobUser/serviceAccount:portvessel-batch-dev@cloudprojects-506123.iam.gserviceaccount.com",
            "member": "serviceAccount:portvessel-batch-dev@cloudprojects-506123.iam.gserviceaccount.com",
            "project": "cloudprojects-506123",
            "role": "roles/bigquery.jobUser"
          },
          "sensitive_attributes": [],
          "identity_schema_version": 0,
          "private": "bnVsbA==",
          "dependencies": [
            "google_project_service.required",
            "google_service_account.batch"
          ]
        }
      ]
    },
    {
      "mode": "managed",
      "type": "google_project_iam_member",
      "name": "batch_storage",
      "provider": "provider[\"registry.terraform.io/hashicorp/google\"]",
      "instances": [
        {
          "schema_version": 0,
          "attributes": {
            "condition": [],
            "etag": "BwZZ+zG5R8U=",
            "id": "cloudprojects-506123/roles/storage.objectAdmin/serviceAccount:portvessel-batch-dev@cloudprojects-506123.iam.gserviceaccount.com",
            "member": "serviceAccount:portvessel-batch-dev@cloudprojects-506123.iam.gserviceaccount.com",
            "project": "cloudprojects-506123",
            "role": "roles/storage.objectAdmin"
          },
          "sensitive_attributes": [],
          "identity_schema_version": 0,
          "private": "bnVsbA==",
          "dependencies": [
            "google_project_service.required",
            "google_service_account.batch"
          ]
        }
      ]
    },
    {
      "mode": "managed",
      "type": "google_project_iam_member",
      "name": "ingestion_bq_job",
      "provider": "provider[\"registry.terraform.io/hashicorp/google\"]",
      "instances": [
        {
          "schema_version": 0,
          "attributes": {
            "condition": [],
            "etag": "BwZZ+zG5R8U=",
            "id": "cloudprojects-506123/roles/bigquery.jobUser/serviceAccount:portvessel-ingestion-dev@cloudprojects-506123.iam.gserviceaccount.com",
            "member": "serviceAccount:portvessel-ingestion-dev@cloudprojects-506123.iam.gserviceaccount.com",
            "project": "cloudprojects-506123",
            "role": "roles/bigquery.jobUser"
          },
          "sensitive_attributes": [],
          "identity_schema_version": 0,
          "private": "bnVsbA==",
          "dependencies": [
            "google_service_account.ingestion"
          ]
        }
      ]
    },
    {
      "mode": "managed",
      "type": "google_project_iam_member",
      "name": "loader_bq_job",
      "provider": "provider[\"registry.terraform.io/hashicorp/google\"]",
      "instances": [
        {
          "schema_version": 0,
          "attributes": {
            "condition": [],
            "etag": "BwZZ+zG5R8U=",
            "id": "cloudprojects-506123/roles/bigquery.jobUser/serviceAccount:portvessel-loader-dev@cloudprojects-506123.iam.gserviceaccount.com",
            "member": "serviceAccount:portvessel-loader-dev@cloudprojects-506123.iam.gserviceaccount.com",
            "project": "cloudprojects-506123",
            "role": "roles/bigquery.jobUser"
          },
          "sensitive_attributes": [],
          "identity_schema_version": 0,
          "private": "bnVsbA==",
          "dependencies": [
            "google_service_account.loader"
          ]
        }
      ]
    },
    {
      "mode": "managed",
      "type": "google_project_iam_member",
      "name": "scheduler_service_agent",
      "provider": "provider[\"registry.terraform.io/hashicorp/google\"]",
      "instances": [
        {
          "schema_version": 0,
          "attributes": {
            "condition": [],
            "etag": "BwZZ+zG5R8U=",
            "id": "cloudprojects-506123/roles/cloudscheduler.serviceAgent/serviceAccount:service-20298064017@gcp-sa-cloudscheduler.iam.gserviceaccount.com",
            "member": "serviceAccount:service-20298064017@gcp-sa-cloudscheduler.iam.gserviceaccount.com",
            "project": "cloudprojects-506123",
            "role": "roles/cloudscheduler.serviceAgent"
          },
          "sensitive_attributes": [],
          "identity_schema_version": 0,
          "private": "bnVsbA==",
          "dependencies": [
            "data.google_project.current"
          ]
        }
      ]
    },
    {
      "mode": "managed",
      "type": "google_project_iam_member",
      "name": "transform_bq_job",
      "provider": "provider[\"registry.terraform.io/hashicorp/google\"]",
      "instances": [
        {
          "schema_version": 0,
          "attributes": {
            "condition": [],
            "etag": "BwZZ+zG5R8U=",
            "id": "cloudprojects-506123/roles/bigquery.jobUser/serviceAccount:portvessel-transform-dev@cloudprojects-506123.iam.gserviceaccount.com",
            "member": "serviceAccount:portvessel-transform-dev@cloudprojects-506123.iam.gserviceaccount.com",
            "project": "cloudprojects-506123",
            "role": "roles/bigquery.jobUser"
          },
          "sensitive_attributes": [],
          "identity_schema_version": 0,
          "private": "bnVsbA==",
          "dependencies": [
            "google_service_account.transform"
          ]
        }
      ]
    },
    {
      "mode": "managed",
      "type": "google_project_iam_member",
      "name": "workflow_bq_job_user",
      "provider": "provider[\"registry.terraform.io/hashicorp/google\"]",
      "instances": [
        {
          "schema_version": 0,
          "attributes": {
            "condition": [],
            "etag": "BwZZ+zG5R8U=",
            "id": "cloudprojects-506123/roles/bigquery.jobUser/serviceAccount:portvessel-workflow-dev@cloudprojects-506123.iam.gserviceaccount.com",
            "member": "serviceAccount:portvessel-workflow-dev@cloudprojects-506123.iam.gserviceaccount.com",
            "project": "cloudprojects-506123",
            "role": "roles/bigquery.jobUser"
          },
          "sensitive_attributes": [],
          "identity_schema_version": 0,
          "private": "bnVsbA==",
          "dependencies": [
            "google_service_account.workflow"
          ]
        }
      ]
    },
    {
      "mode": "managed",
      "type": "google_project_iam_member",
      "name": "workflow_invoker",
      "provider": "provider[\"registry.terraform.io/hashicorp/google\"]",
      "instances": [
        {
          "schema_version": 0,
          "attributes": {
            "condition": [],
            "etag": "BwZZ+zG5R8U=",
            "id": "cloudprojects-506123/roles/workflows.invoker/serviceAccount:portvessel-workflow-dev@cloudprojects-506123.iam.gserviceaccount.com",
            "member": "serviceAccount:portvessel-workflow-dev@cloudprojects-506123.iam.gserviceaccount.com",
            "project": "cloudprojects-506123",
            "role": "roles/workflows.invoker"
          },
          "sensitive_attributes": [],
          "identity_schema_version": 0,
          "private": "bnVsbA==",
          "dependencies": [
            "google_service_account.workflow"
          ]
        }
      ]
    },
    {
      "mode": "managed",
      "type": "google_project_iam_member",
      "name": "workflow_quality_bq_job",
      "provider": "provider[\"registry.terraform.io/hashicorp/google\"]",
      "instances": [
        {
          "schema_version": 0,
          "attributes": {
            "condition": [],
            "etag": "BwZZ+zG5R8U=",
            "id": "cloudprojects-506123/roles/bigquery.jobUser/serviceAccount:portvessel-workflow-dev@cloudprojects-506123.iam.gserviceaccount.com",
            "member": "serviceAccount:portvessel-workflow-dev@cloudprojects-506123.iam.gserviceaccount.com",
            "project": "cloudprojects-506123",
            "role": "roles/bigquery.jobUser"
          },
          "sensitive_attributes": [],
          "identity_schema_version": 0,
          "private": "bnVsbA==",
          "dependencies": [
            "google_service_account.workflow"
          ]
        }
      ]
    },
    {
      "mode": "managed",
      "type": "google_project_iam_member",
      "name": "workflow_run_developer",
      "provider": "provider[\"registry.terraform.io/hashicorp/google\"]",
      "instances": [
        {
          "schema_version": 0,
          "attributes": {
            "condition": [],
            "etag": "BwZZ+zG5R8U=",
            "id": "cloudprojects-506123/roles/run.developer/serviceAccount:portvessel-workflow-dev@cloudprojects-506123.iam.gserviceaccount.com",
            "member": "serviceAccount:portvessel-workflow-dev@cloudprojects-506123.iam.gserviceaccount.com",
            "project": "cloudprojects-506123",
            "role": "roles/run.developer"
          },
          "sensitive_attributes": [],
          "identity_schema_version": 0,
          "private": "bnVsbA==",
          "dependencies": [
            "google_service_account.workflow"
          ]
        }
      ]
    },
    {
      "mode": "managed",
      "type": "google_project_service",
      "name": "required",
      "provider": "provider[\"registry.terraform.io/hashicorp/google\"]",
      "instances": [
        {
          "index_key": "artifactregistry.googleapis.com",
          "schema_version": 0,
          "attributes": {
            "disable_dependent_services": null,
            "disable_on_destroy": false,
            "id": "cloudprojects-506123/artifactregistry.googleapis.com",
            "project": "cloudprojects-506123",
            "service": "artifactregistry.googleapis.com",
            "timeouts": null
          },
          "sensitive_attributes": [],
          "identity_schema_version": 0,
          "private": "eyJlMmJmYjczMC1lY2FhLTExZTYtOGY4OC0zNDM2M2JjN2M0YzAiOnsiY3JlYXRlIjoxMjAwMDAwMDAwMDAwLCJkZWxldGUiOjEyMDAwMDAwMDAwMDAsInJlYWQiOjYwMDAwMDAwMDAwMCwidXBkYXRlIjoxMjAwMDAwMDAwMDAwfX0="
        },
        {
          "index_key": "bigquery.googleapis.com",
          "schema_version": 0,
          "attributes": {
            "disable_dependent_services": null,
            "disable_on_destroy": false,
            "id": "cloudprojects-506123/bigquery.googleapis.com",
            "project": "cloudprojects-506123",
            "service": "bigquery.googleapis.com",
            "timeouts": null
          },
          "sensitive_attributes": [],
          "identity_schema_version": 0,
          "private": "eyJlMmJmYjczMC1lY2FhLTExZTYtOGY4OC0zNDM2M2JjN2M0YzAiOnsiY3JlYXRlIjoxMjAwMDAwMDAwMDAwLCJkZWxldGUiOjEyMDAwMDAwMDAwMDAsInJlYWQiOjYwMDAwMDAwMDAwMCwidXBkYXRlIjoxMjAwMDAwMDAwMDAwfX0="
        },
        {
          "index_key": "cloudbuild.googleapis.com",
          "schema_version": 0,
          "attributes": {
            "disable_dependent_services": null,
            "disable_on_destroy": false,
            "id": "cloudprojects-506123/cloudbuild.googleapis.com",
            "project": "cloudprojects-506123",
            "service": "cloudbuild.googleapis.com",
            "timeouts": null
          },
          "sensitive_attributes": [],
          "identity_schema_version": 0,
          "private": "eyJlMmJmYjczMC1lY2FhLTExZTYtOGY4OC0zNDM2M2JjN2M0YzAiOnsiY3JlYXRlIjoxMjAwMDAwMDAwMDAwLCJkZWxldGUiOjEyMDAwMDAwMDAwMDAsInJlYWQiOjYwMDAwMDAwMDAwMCwidXBkYXRlIjoxMjAwMDAwMDAwMDAwfX0="
        },
        {
          "index_key": "logging.googleapis.com",
          "schema_version": 0,
          "attributes": {
            "disable_dependent_services": null,
            "disable_on_destroy": false,
            "id": "cloudprojects-506123/logging.googleapis.com",
            "project": "cloudprojects-506123",
            "service": "logging.googleapis.com",
            "timeouts": null
          },
          "sensitive_attributes": [],
          "identity_schema_version": 0,
          "private": "eyJlMmJmYjczMC1lY2FhLTExZTYtOGY4OC0zNDM2M2JjN2M0YzAiOnsiY3JlYXRlIjoxMjAwMDAwMDAwMDAwLCJkZWxldGUiOjEyMDAwMDAwMDAwMDAsInJlYWQiOjYwMDAwMDAwMDAwMCwidXBkYXRlIjoxMjAwMDAwMDAwMDAwfX0="
        },
        {
          "index_key": "run.googleapis.com",
          "schema_version": 0,
          "attributes": {
            "disable_dependent_services": null,
            "disable_on_destroy": false,
            "id": "cloudprojects-506123/run.googleapis.com",
            "project": "cloudprojects-506123",
            "service": "run.googleapis.com",
            "timeouts": null
          },
          "sensitive_attributes": [],
          "identity_schema_version": 0,
          "private": "eyJlMmJmYjczMC1lY2FhLTExZTYtOGY4OC0zNDM2M2JjN2M0YzAiOnsiY3JlYXRlIjoxMjAwMDAwMDAwMDAwLCJkZWxldGUiOjEyMDAwMDAwMDAwMDAsInJlYWQiOjYwMDAwMDAwMDAwMCwidXBkYXRlIjoxMjAwMDAwMDAwMDAwfX0="
        },
        {
          "index_key": "storage.googleapis.com",
          "schema_version": 0,
          "attributes": {
            "disable_dependent_services": null,
            "disable_on_destroy": false,
            "id": "cloudprojects-506123/storage.googleapis.com",
            "project": "cloudprojects-506123",
            "service": "storage.googleapis.com",
            "timeouts": null
          },
          "sensitive_attributes": [],
          "identity_schema_version": 0,
          "private": "eyJlMmJmYjczMC1lY2FhLTExZTYtOGY4OC0zNDM2M2JjN2M0YzAiOnsiY3JlYXRlIjoxMjAwMDAwMDAwMDAwLCJkZWxldGUiOjEyMDAwMDAwMDAwMDAsInJlYWQiOjYwMDAwMDAwMDAwMCwidXBkYXRlIjoxMjAwMDAwMDAwMDAwfX0="
        }
      ]
    },
    {
      "mode": "managed",
      "type": "google_service_account",
      "name": "batch",
      "provider": "provider[\"registry.terraform.io/hashicorp/google\"]",
      "instances": [
        {
          "schema_version": 0,
          "attributes": {
            "account_id": "portvessel-batch-dev",
            "create_ignore_already_exists": null,
            "description": "",
            "disabled": false,
            "display_name": "PortVessel batch processor",
            "email": "portvessel-batch-dev@cloudprojects-506123.iam.gserviceaccount.com",
            "id": "projects/cloudprojects-506123/serviceAccounts/portvessel-batch-dev@cloudprojects-506123.iam.gserviceaccount.com",
            "member": "serviceAccount:portvessel-batch-dev@cloudprojects-506123.iam.gserviceaccount.com",
            "name": "projects/cloudprojects-506123/serviceAccounts/portvessel-batch-dev@cloudprojects-506123.iam.gserviceaccount.com",
            "project": "cloudprojects-506123",
            "timeouts": null,
            "unique_id": "104296851145110675812"
          },
          "sensitive_attributes": [],
          "identity_schema_version": 0,
          "private": "eyJlMmJmYjczMC1lY2FhLTExZTYtOGY4OC0zNDM2M2JjN2M0YzAiOnsiY3JlYXRlIjozMDAwMDAwMDAwMDB9fQ==",
          "dependencies": [
            "google_project_service.required"
          ]
        }
      ]
    },
    {
      "mode": "managed",
      "type": "google_service_account",
      "name": "ingestion",
      "provider": "provider[\"registry.terraform.io/hashicorp/google\"]",
      "instances": [
        {
          "schema_version": 0,
          "attributes": {
            "account_id": "portvessel-ingestion-dev",
            "create_ignore_already_exists": null,
            "description": "",
            "disabled": false,
            "display_name": "PortVessel ingestion job",
            "email": "portvessel-ingestion-dev@cloudprojects-506123.iam.gserviceaccount.com",
            "id": "projects/cloudprojects-506123/serviceAccounts/portvessel-ingestion-dev@cloudprojects-506123.iam.gserviceaccount.com",
            "member": "serviceAccount:portvessel-ingestion-dev@cloudprojects-506123.iam.gserviceaccount.com",
            "name": "projects/cloudprojects-506123/serviceAccounts/portvessel-ingestion-dev@cloudprojects-506123.iam.gserviceaccount.com",
            "project": "cloudprojects-506123",
            "timeouts": null,
            "unique_id": "111246983221460493648"
          },
          "sensitive_attributes": [],
          "identity_schema_version": 0,
          "private": "eyJlMmJmYjczMC1lY2FhLTExZTYtOGY4OC0zNDM2M2JjN2M0YzAiOnsiY3JlYXRlIjozMDAwMDAwMDAwMDB9fQ=="
        }
      ]
    },
    {
      "mode": "managed",
      "type": "google_service_account",
      "name": "loader",
      "provider": "provider[\"registry.terraform.io/hashicorp/google\"]",
      "instances": [
        {
          "schema_version": 0,
          "attributes": {
            "account_id": "portvessel-loader-dev",
            "create_ignore_already_exists": null,
            "description": "",
            "disabled": false,
            "display_name": "PortVessel BigQuery loader",
            "email": "portvessel-loader-dev@cloudprojects-506123.iam.gserviceaccount.com",
            "id": "projects/cloudprojects-506123/serviceAccounts/portvessel-loader-dev@cloudprojects-506123.iam.gserviceaccount.com",
            "member": "serviceAccount:portvessel-loader-dev@cloudprojects-506123.iam.gserviceaccount.com",
            "name": "projects/cloudprojects-506123/serviceAccounts/portvessel-loader-dev@cloudprojects-506123.iam.gserviceaccount.com",
            "project": "cloudprojects-506123",
            "timeouts": null,
            "unique_id": "112058022117800128884"
          },
          "sensitive_attributes": [],
          "identity_schema_version": 0,
          "private": "eyJlMmJmYjczMC1lY2FhLTExZTYtOGY4OC0zNDM2M2JjN2M0YzAiOnsiY3JlYXRlIjozMDAwMDAwMDAwMDB9fQ=="
        }
      ]
    },
    {
      "mode": "managed",
      "type": "google_service_account",
      "name": "transform",
      "provider": "provider[\"registry.terraform.io/hashicorp/google\"]",
      "instances": [
        {
          "schema_version": 0,
          "attributes": {
            "account_id": "portvessel-transform-dev",
            "create_ignore_already_exists": null,
            "description": "",
            "disabled": false,
            "display_name": "PortVessel dbt transformation job",
            "email": "portvessel-transform-dev@cloudprojects-506123.iam.gserviceaccount.com",
            "id": "projects/cloudprojects-506123/serviceAccounts/portvessel-transform-dev@cloudprojects-506123.iam.gserviceaccount.com",
            "member": "serviceAccount:portvessel-transform-dev@cloudprojects-506123.iam.gserviceaccount.com",
            "name": "projects/cloudprojects-506123/serviceAccounts/portvessel-transform-dev@cloudprojects-506123.iam.gserviceaccount.com",
            "project": "cloudprojects-506123",
            "timeouts": null,
            "unique_id": "108230985777527146464"
          },
          "sensitive_attributes": [],
          "identity_schema_version": 0,
          "private": "eyJlMmJmYjczMC1lY2FhLTExZTYtOGY4OC0zNDM2M2JjN2M0YzAiOnsiY3JlYXRlIjozMDAwMDAwMDAwMDB9fQ=="
        }
      ]
    },
    {
      "mode": "managed",
      "type": "google_service_account",
      "name": "workflow",
      "provider": "provider[\"registry.terraform.io/hashicorp/google\"]",
      "instances": [
        {
          "schema_version": 0,
          "attributes": {
            "account_id": "portvessel-workflow-dev",
            "create_ignore_already_exists": null,
            "description": "",
            "disabled": false,
            "display_name": "PortVessel daily orchestration workflow",
            "email": "portvessel-workflow-dev@cloudprojects-506123.iam.gserviceaccount.com",
            "id": "projects/cloudprojects-506123/serviceAccounts/portvessel-workflow-dev@cloudprojects-506123.iam.gserviceaccount.com",
            "member": "serviceAccount:portvessel-workflow-dev@cloudprojects-506123.iam.gserviceaccount.com",
            "name": "projects/cloudprojects-506123/serviceAccounts/portvessel-workflow-dev@cloudprojects-506123.iam.gserviceaccount.com",
            "project": "cloudprojects-506123",
            "timeouts": null,
            "unique_id": "103950701597583406095"
          },
          "sensitive_attributes": [],
          "identity_schema_version": 0,
          "private": "eyJlMmJmYjczMC1lY2FhLTExZTYtOGY4OC0zNDM2M2JjN2M0YzAiOnsiY3JlYXRlIjozMDAwMDAwMDAwMDB9fQ=="
        }
      ]
    },
    {
      "mode": "managed",
      "type": "google_service_account_iam_member",
      "name": "scheduler_can_use_workflow_sa",
      "provider": "provider[\"registry.terraform.io/hashicorp/google\"]",
      "instances": [
        {
          "schema_version": 0,
          "attributes": {
            "condition": [],
            "etag": "BwZZ9gW0atc=",
            "id": "projects/cloudprojects-506123/serviceAccounts/portvessel-workflow-dev@cloudprojects-506123.iam.gserviceaccount.com/roles/iam.serviceAccountUser/serviceAccount:service-20298064017@gcp-sa-cloudscheduler.iam.gserviceaccount.com",
            "member": "serviceAccount:service-20298064017@gcp-sa-cloudscheduler.iam.gserviceaccount.com",
            "role": "roles/iam.serviceAccountUser",
            "service_account_id": "projects/cloudprojects-506123/serviceAccounts/portvessel-workflow-dev@cloudprojects-506123.iam.gserviceaccount.com"
          },
          "sensitive_attributes": [],
          "identity_schema_version": 0,
          "private": "bnVsbA==",
          "dependencies": [
            "data.google_project.current",
            "google_service_account.workflow"
          ]
        }
      ]
    },
    {
      "mode": "managed",
      "type": "google_storage_bucket",
      "name": "processed",
      "provider": "provider[\"registry.terraform.io/hashicorp/google\"]",
      "instances": [
        {
          "schema_version": 3,
          "attributes": {
            "autoclass": [],
            "cors": [],
            "custom_placement_config": [],
            "default_event_based_hold": false,
            "effective_labels": {
              "environment": "dev",
              "goog-terraform-provisioned": "true",
              "layer": "processed",
              "project": "portvessel"
            },
            "enable_object_retention": false,
            "encryption": [],
            "force_destroy": false,
            "hierarchical_namespace": [
              {
                "enabled": false
              }
            ],
            "id": "cloudprojects-506123-portvessel-dev-processed",
            "ip_filter": [],
            "labels": {
              "environment": "dev",
              "layer": "processed",
              "project": "portvessel"
            },
            "lifecycle_rule": [
              {
                "action": [
                  {
                    "storage_class": "",
                    "type": "Delete"
                  }
                ],
                "condition": [
                  {
                    "age": 90,
                    "created_before": "",
                    "custom_time_before": "",
                    "days_since_custom_time": 0,
                    "days_since_noncurrent_time": 0,
                    "matches_prefix": [],
                    "matches_storage_class": [],
                    "matches_suffix": [],
                    "noncurrent_time_before": "",
                    "num_newer_versions": 0,
                    "send_age_if_zero": false,
                    "send_days_since_custom_time_if_zero": false,
                    "send_days_since_noncurrent_time_if_zero": false,
                    "send_num_newer_versions_if_zero": false,
                    "with_state": "ANY"
                  }
                ]
              }
            ],
            "location": "EUROPE-WEST3",
            "logging": [],
            "name": "cloudprojects-506123-portvessel-dev-processed",
            "project": "cloudprojects-506123",
            "project_number": 20298064017,
            "public_access_prevention": "inherited",
            "requester_pays": false,
            "retention_policy": [],
            "rpo": null,
            "self_link": "https://www.googleapis.com/storage/v1/b/cloudprojects-506123-portvessel-dev-processed",
            "soft_delete_policy": [
              {
                "effective_time": "2026-08-25T00:15:56.254Z",
                "retention_duration_seconds": 604800
              }
            ],
            "storage_class": "STANDARD",
            "terraform_labels": {
              "environment": "dev",
              "goog-terraform-provisioned": "true",
              "layer": "processed",
              "project": "portvessel"
            },
            "time_created": "2026-08-25T00:15:56.254Z",
            "timeouts": null,
            "uniform_bucket_level_access": true,
            "updated": "2026-08-26T20:28:40.341Z",
            "url": "gs://cloudprojects-506123-portvessel-dev-processed",
            "versioning": [
              {
                "enabled": true
              }
            ],
            "website": []
          },
          "sensitive_attributes": [],
          "identity_schema_version": 0,
          "private": "eyJlMmJmYjczMC1lY2FhLTExZTYtOGY4OC0zNDM2M2JjN2M0YzAiOnsiY3JlYXRlIjo2MDAwMDAwMDAwMDAsInJlYWQiOjI0MDAwMDAwMDAwMCwidXBkYXRlIjoyNDAwMDAwMDAwMDB9LCJzY2hlbWFfdmVyc2lvbiI6IjMifQ==",
          "dependencies": [
            "google_project_service.required"
          ]
        }
      ]
    },
    {
      "mode": "managed",
      "type": "google_storage_bucket",
      "name": "raw",
      "provider": "provider[\"registry.terraform.io/hashicorp/google\"]",
      "instances": [
        {
          "schema_version": 3,
          "attributes": {
            "autoclass": [],
            "cors": [],
            "custom_placement_config": [],
            "default_event_based_hold": false,
            "effective_labels": {
              "environment": "dev",
              "goog-terraform-provisioned": "true",
              "layer": "raw",
              "project": "portvessel"
            },
            "enable_object_retention": false,
            "encryption": [],
            "force_destroy": false,
            "hierarchical_namespace": [
              {
                "enabled": false
              }
            ],
            "id": "cloudprojects-506123-portvessel-dev-raw",
            "ip_filter": [],
            "labels": {
              "environment": "dev",
              "layer": "raw",
              "project": "portvessel"
            },
            "lifecycle_rule": [
              {
                "action": [
                  {
                    "storage_class": "",
                    "type": "Delete"
                  }
                ],
                "condition": [
                  {
                    "age": 30,
                    "created_before": "",
                    "custom_time_before": "",
                    "days_since_custom_time": 0,
                    "days_since_noncurrent_time": 0,
                    "matches_prefix": [],
                    "matches_storage_class": [],
                    "matches_suffix": [],
                    "noncurrent_time_before": "",
                    "num_newer_versions": 0,
                    "send_age_if_zero": false,
                    "send_days_since_custom_time_if_zero": false,
                    "send_days_since_noncurrent_time_if_zero": false,
                    "send_num_newer_versions_if_zero": false,
                    "with_state": "ANY"
                  }
                ]
              }
            ],
            "location": "EUROPE-WEST3",
            "logging": [],
            "name": "cloudprojects-506123-portvessel-dev-raw",
            "project": "cloudprojects-506123",
            "project_number": 20298064017,
            "public_access_prevention": "inherited",
            "requester_pays": false,
            "retention_policy": [],
            "rpo": null,
            "self_link": "https://www.googleapis.com/storage/v1/b/cloudprojects-506123-portvessel-dev-raw",
            "soft_delete_policy": [
              {
                "effective_time": "2026-08-25T00:15:56.738Z",
                "retention_duration_seconds": 604800
              }
            ],
            "storage_class": "STANDARD",
            "terraform_labels": {
              "environment": "dev",
              "goog-terraform-provisioned": "true",
              "layer": "raw",
              "project": "portvessel"
            },
            "time_created": "2026-08-25T00:15:56.738Z",
            "timeouts": null,
            "uniform_bucket_level_access": true,
            "updated": "2026-08-26T04:21:50.925Z",
            "url": "gs://cloudprojects-506123-portvessel-dev-raw",
            "versioning": [
              {
                "enabled": true
              }
            ],
            "website": []
          },
          "sensitive_attributes": [],
          "identity_schema_version": 0,
          "private": "eyJlMmJmYjczMC1lY2FhLTExZTYtOGY4OC0zNDM2M2JjN2M0YzAiOnsiY3JlYXRlIjo2MDAwMDAwMDAwMDAsInJlYWQiOjI0MDAwMDAwMDAwMCwidXBkYXRlIjoyNDAwMDAwMDAwMDB9LCJzY2hlbWFfdmVyc2lvbiI6IjMifQ==",
          "dependencies": [
            "google_project_service.required"
          ]
        }
      ]
    },
    {
      "mode": "managed",
      "type": "google_storage_bucket_iam_member",
      "name": "ingestion_processed_admin",
      "provider": "provider[\"registry.terraform.io/hashicorp/google\"]",
      "instances": [
        {
          "schema_version": 0,
          "attributes": {
            "bucket": "b/cloudprojects-506123-portvessel-dev-processed",
            "condition": [],
            "etag": "CAU=",
            "id": "b/cloudprojects-506123-portvessel-dev-processed/roles/storage.objectAdmin/serviceAccount:portvessel-ingestion-dev@cloudprojects-506123.iam.gserviceaccount.com",
            "member": "serviceAccount:portvessel-ingestion-dev@cloudprojects-506123.iam.gserviceaccount.com",
            "role": "roles/storage.objectAdmin"
          },
          "sensitive_attributes": [],
          "identity_schema_version": 0,
          "private": "bnVsbA==",
          "dependencies": [
            "google_project_service.required",
            "google_service_account.ingestion",
            "google_storage_bucket.processed"
          ]
        }
      ]
    },
    {
      "mode": "managed",
      "type": "google_storage_bucket_iam_member",
      "name": "ingestion_raw_admin",
      "provider": "provider[\"registry.terraform.io/hashicorp/google\"]",
      "instances": [
        {
          "schema_version": 0,
          "attributes": {
            "bucket": "b/cloudprojects-506123-portvessel-dev-raw",
            "condition": [],
            "etag": "CAI=",
            "id": "b/cloudprojects-506123-portvessel-dev-raw/roles/storage.objectAdmin/serviceAccount:portvessel-ingestion-dev@cloudprojects-506123.iam.gserviceaccount.com",
            "member": "serviceAccount:portvessel-ingestion-dev@cloudprojects-506123.iam.gserviceaccount.com",
            "role": "roles/storage.objectAdmin"
          },
          "sensitive_attributes": [],
          "identity_schema_version": 0,
          "private": "bnVsbA==",
          "dependencies": [
            "google_project_service.required",
            "google_service_account.ingestion",
            "google_storage_bucket.raw"
          ]
        }
      ]
    },
    {
      "mode": "managed",
      "type": "google_storage_bucket_iam_member",
      "name": "loader_processed_viewer",
      "provider": "provider[\"registry.terraform.io/hashicorp/google\"]",
      "instances": [
        {
          "schema_version": 0,
          "attributes": {
            "bucket": "b/cloudprojects-506123-portvessel-dev-processed",
            "condition": [],
            "etag": "CAU=",
            "id": "b/cloudprojects-506123-portvessel-dev-processed/roles/storage.objectViewer/serviceAccount:portvessel-loader-dev@cloudprojects-506123.iam.gserviceaccount.com",
            "member": "serviceAccount:portvessel-loader-dev@cloudprojects-506123.iam.gserviceaccount.com",
            "role": "roles/storage.objectViewer"
          },
          "sensitive_attributes": [],
          "identity_schema_version": 0,
          "private": "bnVsbA==",
          "dependencies": [
            "google_project_service.required",
            "google_service_account.loader",
            "google_storage_bucket.processed"
          ]
        }
      ]
    },
    {
      "mode": "managed",
      "type": "google_storage_bucket_iam_member",
      "name": "quality_processed_reader",
      "provider": "provider[\"registry.terraform.io/hashicorp/google\"]",
      "instances": [
        {
          "schema_version": 0,
          "attributes": {
            "bucket": "b/cloudprojects-506123-portvessel-dev-processed",
            "condition": [],
            "etag": "CAU=",
            "id": "b/cloudprojects-506123-portvessel-dev-processed/roles/storage.objectViewer/serviceAccount:portvessel-workflow-dev@cloudprojects-506123.iam.gserviceaccount.com",
            "member": "serviceAccount:portvessel-workflow-dev@cloudprojects-506123.iam.gserviceaccount.com",
            "role": "roles/storage.objectViewer"
          },
          "sensitive_attributes": [],
          "identity_schema_version": 0,
          "private": "bnVsbA==",
          "dependencies": [
            "google_project_service.required",
            "google_service_account.workflow",
            "google_storage_bucket.processed"
          ]
        }
      ]
    },
    {
      "mode": "managed",
      "type": "google_workflows_workflow",
      "name": "daily",
      "provider": "provider[\"registry.terraform.io/hashicorp/google\"]",
      "instances": [
        {
          "schema_version": 1,
          "attributes": {
            "call_log_level": "",
            "create_time": "2026-08-26T03:35:35.433899948Z",
            "crypto_key_name": "",
            "deletion_protection": true,
            "description": "",
            "effective_labels": {
              "goog-terraform-provisioned": "true"
            },
            "execution_history_level": "",
            "id": "projects/cloudprojects-506123/locations/europe-west3/workflows/portvessel-daily-orchestration-dev",
            "labels": {},
            "name": "portvessel-daily-orchestration-dev",
            "name_prefix": null,
            "project": "cloudprojects-506123",
            "region": "europe-west3",
            "revision_id": "000010-928",
            "service_account": "projects/cloudprojects-506123/serviceAccounts/portvessel-workflow-dev@cloudprojects-506123.iam.gserviceaccount.com",
            "source_contents": "main:\n  params: [args]\n  steps:\n    - init:\n        assign:\n          - project: ${default(map.get(args, \"project\"), \"cloudprojects-506123\")}\n          - region: ${default(map.get(args, \"region\"), \"europe-west3\")}\n          - ingestion_job: ${default(map.get(args, \"ingestion_job\"), \"portvessel-ingestion-dev\")}\n          - loader_job: ${default(map.get(args, \"loader_job\"), \"portvessel-bq-loader-dev\")}\n          - transform_job: ${default(map.get(args, \"transform_job\"), \"portvessel-dbt-transform-dev\")}\n          - quality_job: ${default(map.get(args, \"quality_job\"), \"portvessel-quality-dev\")}\n          - cursor_dataset: ${default(map.get(args, \"cursor_dataset\"), \"portvessel_dev_staging\")}\n          - cursor_table: ${default(map.get(args, \"cursor_table\"), \"pipeline_cursor\")}\n          - pipeline_name: ${default(map.get(args, \"pipeline_name\"), \"portvessel_noaa_daily_ingestion\")}\n          - processed_bucket: ${\"cloudprojects-506123-portvessel-dev-processed\"}\n          - run_id: ${string(sys.now())}\n\n    - get_cursor:\n        call: googleapis.bigquery.v2.jobs.query\n        args:\n          projectId: ${project}\n          body:\n            location: ${region}\n            useLegacySql: false\n            parameterMode: NAMED\n            query: ${\"SELECT CAST(next_source_date AS STRING) AS source_date FROM `\" + project + \".\" + cursor_dataset + \".\" + cursor_table + \"` WHERE pipeline_name=@pipeline_name AND status='ready' LIMIT 1\"}\n            queryParameters:\n              - name: pipeline_name\n                parameterType:\n                  type: STRING\n                parameterValue:\n                  value: ${pipeline_name}\n        result: cursor_result\n\n    - validate_cursor:\n        switch:\n          - condition: ${len(cursor_result.rows) == 0}\n            next: fail_no_cursor\n        next: set_source_date\n\n    - set_source_date:\n        assign:\n          - source_date: ${cursor_result.rows[0].f[0].v}\n        next: run_ingestion\n\n    - fail_no_cursor:\n        raise: \"No ready pipeline cursor found\"\n\n    - run_ingestion:\n        call: googleapis.run.v2.projects.locations.jobs.run\n        args:\n          name: ${\"projects/\" + project + \"/locations/\" + region + \"/jobs/\" + ingestion_job}\n          body:\n            overrides:\n              containerOverrides:\n                - env:\n                    - name: SOURCE_DATE\n                      value: ${source_date}\n                    - name: RUN_ID\n                      value: ${run_id}\n        result: ingestion_result\n        next: run_loader\n\n    - run_loader:\n        call: googleapis.run.v2.projects.locations.jobs.run\n        args:\n          name: ${\"projects/\" + project + \"/locations/\" + region + \"/jobs/\" + loader_job}\n          body:\n            overrides:\n              containerOverrides:\n                - env:\n                    - name: SOURCE_DATE\n                      value: ${source_date}\n                    - name: RUN_ID\n                      value: ${run_id}\n                    - name: GCS_PROCESSED_BUCKET\n                      value: ${processed_bucket}\n                    - name: GCP_PROJECT_ID\n                      value: ${project}\n                    - name: BQ_LOCATION\n                      value: ${region}\n                    - name: BQ_DATASET\n                      value: ${cursor_dataset}\n                    - name: BQ_TABLE\n                      value: \"ais_pings\"\n                    - name: AUDIT_DATASET\n                      value: ${cursor_dataset}\n                    - name: AUDIT_TABLE\n                      value: \"ingestion_run_audit\"\n                    - name: PIPELINE_NAME\n                      value: ${pipeline_name}\n        result: loader_result\n        next: run_transform\n\n    - run_transform:\n        call: googleapis.run.v2.projects.locations.jobs.run\n        args:\n          name: ${\"projects/\" + project + \"/locations/\" + region + \"/jobs/\" + transform_job}\n          body:\n            overrides:\n              containerOverrides:\n                - env:\n                    - name: SOURCE_DATE\n                      value: ${source_date}\n                    - name: RUN_ID\n                      value: ${run_id}\n                    - name: GCP_PROJECT_ID\n                      value: ${project}\n                    - name: BQ_LOCATION\n                      value: ${region}\n        result: transform_result\n        next: run_quality\n\n    - run_quality:\n        call: googleapis.run.v2.projects.locations.jobs.run\n        args:\n          name: ${\"projects/\" + project + \"/locations/\" + region + \"/jobs/\" + quality_job}\n          body:\n            overrides:\n              containerOverrides:\n                - env:\n                    - name: SOURCE_DATE\n                      value: ${source_date}\n                    - name: RUN_ID\n                      value: ${run_id}\n                    - name: GCP_PROJECT_ID\n                      value: ${project}\n                    - name: BQ_LOCATION\n                      value: ${region}\n                    - name: QUALITY_DATASET\n                      value: ${cursor_dataset}\n        result: quality_result\n        next: advance_cursor\n\n    - advance_cursor:\n        call: googleapis.bigquery.v2.jobs.query\n        args:\n          projectId: ${project}\n          body:\n            location: ${region}\n            useLegacySql: false\n            parameterMode: NAMED\n            query: ${\"UPDATE `\" + project + \".\" + cursor_dataset + \".\" + cursor_table + \"` SET next_source_date=DATE_ADD(DATE('\" + source_date + \"'), INTERVAL 1 DAY), last_run_id=@run_id, updated_at=CURRENT_TIMESTAMP() WHERE pipeline_name=@pipeline_name AND next_source_date=DATE('\" + source_date + \"') AND status='ready'\"}\n            queryParameters:\n              - name: run_id\n                parameterType:\n                  type: STRING\n                parameterValue:\n                  value: ${run_id}\n              - name: pipeline_name\n                parameterType:\n                  type: STRING\n                parameterValue:\n                  value: ${pipeline_name}\n        result: cursor_update\n\n    - done:\n        return:\n          status: completed\n          source_date: ${source_date}\n          ingestion: ${ingestion_result}\n          loader: ${loader_result}\n          transform: ${transform_result}\n          quality: ${quality_result}\n          cursor_update: ${cursor_update}\n",
            "state": "ACTIVE",
            "tags": null,
            "terraform_labels": {
              "goog-terraform-provisioned": "true"
            },
            "timeouts": null,
            "update_time": "2026-08-26T23:00:48.074691489Z",
            "user_env_vars": {}
          },
          "sensitive_attributes": [],
          "identity_schema_version": 0,
          "private": "eyJlMmJmYjczMC1lY2FhLTExZTYtOGY4OC0zNDM2M2JjN2M0YzAiOnsiY3JlYXRlIjoxMjAwMDAwMDAwMDAwLCJkZWxldGUiOjEyMDAwMDAwMDAwMDAsInVwZGF0ZSI6MTIwMDAwMDAwMDAwMH0sInNjaGVtYV92ZXJzaW9uIjoiMSJ9",
          "dependencies": [
            "google_service_account.workflow"
          ]
        }
      ]
    }
  ],
  "check_results": [
    {
      "object_kind": "var",
      "config_addr": "var.environment",
      "status": "pass",
      "objects": [
        {
          "object_addr": "var.environment",
          "status": "pass"
        }
      ]
    }
  ]
}
