{
  "version": 4,
  "terraform_version": "1.15.8",
  "serial": 13,
  "lineage": "c5f580b1-115a-5424-f378-47978592129d",
  "outputs": {
    "batch_service_account": {
      "value": "portvessel-batch-dev@cloudprojects-506123.iam.gserviceaccount.com",
      "type": "string"
    },
    "processed_bucket": {
      "value": "cloudprojects-506123-portvessel-dev-processed",
      "type": "string"
    },
    "raw_bucket": {
      "value": "cloudprojects-506123-portvessel-dev-raw",
      "type": "string"
    }
  },
  "resources": [
    {
      "mode": "managed",
      "type": "google_artifact_registry_repository",
      "name": "containers",
      "provider": "provider[\"registry.terraform.io/hashicorp/google\"]",
      "instances": [
        {
          "schema_version": 0,
          "attributes": {
            "cleanup_policies": [],
            "cleanup_policy_dry_run": false,
            "create_time": "2026-08-25T00:15:56.415658Z",
            "description": "PortVessel container images",
            "docker_config": [],
            "effective_labels": {
              "goog-terraform-provisioned": "true"
            },
            "format": "DOCKER",
            "id": "projects/cloudprojects-506123/locations/europe-west3/repositories/portvessel",
            "kms_key_name": "",
            "labels": null,
            "location": "europe-west3",
            "maven_config": [],
            "mode": "STANDARD_REPOSITORY",
            "name": "portvessel",
            "project": "cloudprojects-506123",
            "remote_repository_config": [],
            "repository_id": "portvessel",
            "terraform_labels": {
              "goog-terraform-provisioned": "true"
            },
            "timeouts": null,
            "update_time": "2026-08-25T00:15:56.415658Z",
            "virtual_repository_config": [],
            "vulnerability_scanning_config": [
              {
                "enablement_config": "",
                "enablement_state": "SCANNING_DISABLED",
                "enablement_state_reason": "API containerscanning.googleapis.com is not enabled."
              }
            ]
          },
          "sensitive_attributes": [],
          "identity_schema_version": 0,
          "private": "eyJlMmJmYjczMC1lY2FhLTExZTYtOGY4OC0zNDM2M2JjN2M0YzAiOnsiY3JlYXRlIjoxMjAwMDAwMDAwMDAwLCJkZWxldGUiOjEyMDAwMDAwMDAwMDAsInVwZGF0ZSI6MTIwMDAwMDAwMDAwMH19"
        }
      ]
    },
    {
      "mode": "managed",
      "type": "google_bigquery_dataset",
      "name": "gold",
      "provider": "provider[\"registry.terraform.io/hashicorp/google\"]",
      "instances": [
        {
          "schema_version": 0,
          "attributes": {
            "access": [
              {
                "condition": [],
                "dataset": [],
                "domain": "",
                "group_by_email": "",
                "iam_member": "",
                "role": "OWNER",
                "routine": [],
                "special_group": "",
                "user_by_email": "rk899866@gmail.com",
                "view": []
              },
              {
                "condition": [],
                "dataset": [],
                "domain": "",
                "group_by_email": "",
                "iam_member": "",
                "role": "OWNER",
                "routine": [],
                "special_group": "projectOwners",
                "user_by_email": "",
                "view": []
              },
              {
                "condition": [],
                "dataset": [],
                "domain": "",
                "group_by_email": "",
                "iam_member": "",
                "role": "READER",
                "routine": [],
                "special_group": "projectReaders",
                "user_by_email": "",
                "view": []
              },
              {
                "condition": [],
                "dataset": [],
                "domain": "",
                "group_by_email": "",
                "iam_member": "",
                "role": "WRITER",
                "routine": [],
                "special_group": "projectWriters",
                "user_by_email": "",
                "view": []
              }
            ],
            "creation_time": 1787616955442,
            "dataset_id": "portvessel_dev_gold",
            "default_collation": "",
            "default_encryption_configuration": [],
            "default_partition_expiration_ms": 0,
            "default_table_expiration_ms": 0,
            "delete_contents_on_destroy": false,
            "description": "",
            "effective_labels": {
              "environment": "dev",
              "goog-terraform-provisioned": "true",
              "layer": "gold",
              "project": "portvessel"
            },
            "etag": "N9ROukdfEk/aeaBhoUdh4g==",
            "external_catalog_dataset_options": [],
            "external_dataset_reference": [],
            "friendly_name": "",
            "id": "projects/cloudprojects-506123/datasets/portvessel_dev_gold",
            "is_case_insensitive": false,
            "labels": {
              "environment": "dev",
              "layer": "gold",
              "project": "portvessel"
            },
            "last_modified_time": 1787616955442,
            "location": "europe-west3",
            "max_time_travel_hours": "168",
            "project": "cloudprojects-506123",
            "resource_tags": null,
            "self_link": "https://bigquery.googleapis.com/bigquery/v2/projects/cloudprojects-506123/datasets/portvessel_dev_gold",
            "storage_billing_model": "",
            "terraform_labels": {
              "environment": "dev",
              "goog-terraform-provisioned": "true",
              "layer": "gold",
              "project": "portvessel"
            },
            "timeouts": null
          },
          "sensitive_attributes": [],
          "identity_schema_version": 0,
          "private": "eyJlMmJmYjczMC1lY2FhLTExZTYtOGY4OC0zNDM2M2JjN2M0YzAiOnsiY3JlYXRlIjoxMjAwMDAwMDAwMDAwLCJkZWxldGUiOjEyMDAwMDAwMDAwMDAsInVwZGF0ZSI6MTIwMDAwMDAwMDAwMH19"
        }
      ]
    },
    {
      "mode": "managed",
      "type": "google_bigquery_dataset",
      "name": "silver",
      "provider": "provider[\"registry.terraform.io/hashicorp/google\"]",
      "instances": [
        {
          "schema_version": 0,
          "attributes": {
            "access": [
              {
                "condition": [],
                "dataset": [],
                "domain": "",
                "group_by_email": "",
                "iam_member": "",
                "role": "OWNER",
                "routine": [],
                "special_group": "",
                "user_by_email": "rk899866@gmail.com",
                "view": []
              },
              {
                "condition": [],
                "dataset": [],
                "domain": "",
                "group_by_email": "",
                "iam_member": "",
                "role": "OWNER",
                "routine": [],
                "special_group": "projectOwners",
                "user_by_email": "",
                "view": []
              },
              {
                "condition": [],
                "dataset": [],
                "domain": "",
                "group_by_email": "",
                "iam_member": "",
                "role": "READER",
                "routine": [],
                "special_group": "projectReaders",
                "user_by_email": "",
                "view": []
              },
              {
                "condition": [],
                "dataset": [],
                "domain": "",
                "group_by_email": "",
                "iam_member": "",
                "role": "WRITER",
                "routine": [],
                "special_group": "projectWriters",
                "user_by_email": "",
                "view": []
              }
            ],
            "creation_time": 1787616955323,
            "dataset_id": "portvessel_dev_silver",
            "default_collation": "",
            "default_encryption_configuration": [],
            "default_partition_expiration_ms": 0,
            "default_table_expiration_ms": 0,
            "delete_contents_on_destroy": false,
            "description": "",
            "effective_labels": {
              "environment": "dev",
              "goog-terraform-provisioned": "true",
              "layer": "silver",
              "project": "portvessel"
            },
            "etag": "QQA8V2MXtzF7Y/N0wJvzfw==",
            "external_catalog_dataset_options": [],
            "external_dataset_reference": [],
            "friendly_name": "",
            "id": "projects/cloudprojects-506123/datasets/portvessel_dev_silver",
            "is_case_insensitive": false,
            "labels": {
              "environment": "dev",
              "layer": "silver",
              "project": "portvessel"
            },
            "last_modified_time": 1787616955323,
            "location": "europe-west3",
            "max_time_travel_hours": "168",
            "project": "cloudprojects-506123",
            "resource_tags": null,
            "self_link": "https://bigquery.googleapis.com/bigquery/v2/projects/cloudprojects-506123/datasets/portvessel_dev_silver",
            "storage_billing_model": "",
            "terraform_labels": {
              "environment": "dev",
              "goog-terraform-provisioned": "true",
              "layer": "silver",
              "project": "portvessel"
            },
            "timeouts": null
          },
          "sensitive_attributes": [],
          "identity_schema_version": 0,
          "private": "eyJlMmJmYjczMC1lY2FhLTExZTYtOGY4OC0zNDM2M2JjN2M0YzAiOnsiY3JlYXRlIjoxMjAwMDAwMDAwMDAwLCJkZWxldGUiOjEyMDAwMDAwMDAwMDAsInVwZGF0ZSI6MTIwMDAwMDAwMDAwMH19"
        }
      ]
    },
    {
      "mode": "managed",
      "type": "google_bigquery_dataset",
      "name": "staging",
      "provider": "provider[\"registry.terraform.io/hashicorp/google\"]",
      "instances": [
        {
          "schema_version": 0,
          "attributes": {
            "access": [
              {
                "condition": [],
                "dataset": [],
                "domain": "",
                "group_by_email": "",
                "iam_member": "",
                "role": "OWNER",
                "routine": [],
                "special_group": "",
                "user_by_email": "rk899866@gmail.com",
                "view": []
              },
              {
                "condition": [],
                "dataset": [],
                "domain": "",
                "group_by_email": "",
                "iam_member": "",
                "role": "OWNER",
                "routine": [],
                "special_group": "projectOwners",
                "user_by_email": "",
                "view": []
              },
              {
                "condition": [],
                "dataset": [],
                "domain": "",
                "group_by_email": "",
                "iam_member": "",
                "role": "READER",
                "routine": [],
                "special_group": "projectReaders",
                "user_by_email": "",
                "view": []
              },
              {
                "condition": [],
                "dataset": [],
                "domain": "",
                "group_by_email": "",
                "iam_member": "",
                "role": "WRITER",
                "routine": [],
                "special_group": "projectWriters",
                "user_by_email": "",
                "view": []
              }
            ],
            "creation_time": 1787616955424,
            "dataset_id": "portvessel_dev_staging",
            "default_collation": "",
            "default_encryption_configuration": [],
            "default_partition_expiration_ms": 0,
            "default_table_expiration_ms": 0,
            "delete_contents_on_destroy": false,
            "description": "",
            "effective_labels": {
              "environment": "dev",
              "goog-terraform-provisioned": "true",
              "layer": "staging",
              "project": "portvessel"
            },
            "etag": "UrImpXhlEcNlm10VJqUATg==",
            "external_catalog_dataset_options": [],
            "external_dataset_reference": [],
            "friendly_name": "",
            "id": "projects/cloudprojects-506123/datasets/portvessel_dev_staging",
            "is_case_insensitive": false,
            "labels": {
              "environment": "dev",
              "layer": "staging",
              "project": "portvessel"
            },
            "last_modified_time": 1787616955424,
            "location": "europe-west3",
            "max_time_travel_hours": "168",
            "project": "cloudprojects-506123",
            "resource_tags": null,
            "self_link": "https://bigquery.googleapis.com/bigquery/v2/projects/cloudprojects-506123/datasets/portvessel_dev_staging",
            "storage_billing_model": "",
            "terraform_labels": {
              "environment": "dev",
              "goog-terraform-provisioned": "true",
              "layer": "staging",
              "project": "portvessel"
            },
            "timeouts": null
          },
          "sensitive_attributes": [],
          "identity_schema_version": 0,
          "private": "eyJlMmJmYjczMC1lY2FhLTExZTYtOGY4OC0zNDM2M2JjN2M0YzAiOnsiY3JlYXRlIjoxMjAwMDAwMDAwMDAwLCJkZWxldGUiOjEyMDAwMDAwMDAwMDAsInVwZGF0ZSI6MTIwMDAwMDAwMDAwMH19"
        }
      ]
    },
    {
      "mode": "managed",
      "type": "google_bigquery_dataset_iam_member",
      "name": "batch_gold_editor",
      "provider": "provider[\"registry.terraform.io/hashicorp/google\"]",
      "instances": [
        {
          "schema_version": 0,
          "attributes": {
            "condition": [],
            "dataset_id": "portvessel_dev_gold",
            "etag": "",
            "id": "projects/cloudprojects-506123/datasets/portvessel_dev_gold/roles/bigquery.dataEditor/serviceAccount:portvessel-batch-dev@cloudprojects-506123.iam.gserviceaccount.com",
            "member": "serviceAccount:portvessel-batch-dev@cloudprojects-506123.iam.gserviceaccount.com",
            "project": "cloudprojects-506123",
            "role": "roles/bigquery.dataEditor"
          },
          "sensitive_attributes": [],
          "identity_schema_version": 0,
          "private": "bnVsbA==",
          "dependencies": [
            "google_bigquery_dataset.gold",
            "google_service_account.batch"
          ]
        }
      ]
    },
    {
      "mode": "managed",
      "type": "google_bigquery_dataset_iam_member",
      "name": "batch_silver_editor",
      "provider": "provider[\"registry.terraform.io/hashicorp/google\"]",
      "instances": [
        {
          "schema_version": 0,
          "attributes": {
            "condition": [],
            "dataset_id": "portvessel_dev_silver",
            "etag": "",
            "id": "projects/cloudprojects-506123/datasets/portvessel_dev_silver/roles/bigquery.dataEditor/serviceAccount:portvessel-batch-dev@cloudprojects-506123.iam.gserviceaccount.com",
            "member": "serviceAccount:portvessel-batch-dev@cloudprojects-506123.iam.gserviceaccount.com",
            "project": "cloudprojects-506123",
            "role": "roles/bigquery.dataEditor"
          },
          "sensitive_attributes": [],
          "identity_schema_version": 0,
          "private": "bnVsbA==",
          "dependencies": [
            "google_bigquery_dataset.silver",
            "google_service_account.batch"
          ]
        }
      ]
    },
    {
      "mode": "managed",
      "type": "google_bigquery_dataset_iam_member",
      "name": "batch_staging_editor",
      "provider": "provider[\"registry.terraform.io/hashicorp/google\"]",
      "instances": [
        {
          "schema_version": 0,
          "attributes": {
            "condition": [],
            "dataset_id": "portvessel_dev_staging",
            "etag": "",
            "id": "projects/cloudprojects-506123/datasets/portvessel_dev_staging/roles/bigquery.dataEditor/serviceAccount:portvessel-batch-dev@cloudprojects-506123.iam.gserviceaccount.com",
            "member": "serviceAccount:portvessel-batch-dev@cloudprojects-506123.iam.gserviceaccount.com",
            "project": "cloudprojects-506123",
            "role": "roles/bigquery.dataEditor"
          },
          "sensitive_attributes": [],
          "identity_schema_version": 0,
          "private": "bnVsbA==",
          "dependencies": [
            "google_bigquery_dataset.staging",
            "google_service_account.batch"
          ]
        }
      ]
    },
    {
      "mode": "managed",
      "type": "google_project_iam_member",
      "name": "batch_bq_job",
      "provider": "provider[\"registry.terraform.io/hashicorp/google\"]",
      "instances": [
        {
          "schema_version": 0,
          "attributes": {
            "condition": [],
            "etag": "BwZZ1AKiKRo=",
            "id": "cloudprojects-506123/roles/bigquery.jobUser/serviceAccount:portvessel-batch-dev@cloudprojects-506123.iam.gserviceaccount.com",
            "member": "serviceAccount:portvessel-batch-dev@cloudprojects-506123.iam.gserviceaccount.com",
            "project": "cloudprojects-506123",
            "role": "roles/bigquery.jobUser"
          },
          "sensitive_attributes": [],
          "identity_schema_version": 0,
          "private": "bnVsbA==",
          "dependencies": [
            "google_service_account.batch"
          ]
        }
      ]
    },
    {
      "mode": "managed",
      "type": "google_project_iam_member",
      "name": "batch_storage",
      "provider": "provider[\"registry.terraform.io/hashicorp/google\"]",
      "instances": [
        {
          "schema_version": 0,
          "attributes": {
            "condition": [],
            "etag": "BwZZ1AKiKRo=",
            "id": "cloudprojects-506123/roles/storage.objectAdmin/serviceAccount:portvessel-batch-dev@cloudprojects-506123.iam.gserviceaccount.com",
            "member": "serviceAccount:portvessel-batch-dev@cloudprojects-506123.iam.gserviceaccount.com",
            "project": "cloudprojects-506123",
            "role": "roles/storage.objectAdmin"
          },
          "sensitive_attributes": [],
          "identity_schema_version": 0,
          "private": "bnVsbA==",
          "dependencies": [
            "google_service_account.batch"
          ]
        }
      ]
    },
    {
      "mode": "managed",
      "type": "google_service_account",
      "name": "batch",
      "provider": "provider[\"registry.terraform.io/hashicorp/google\"]",
      "instances": [
        {
          "schema_version": 0,
          "attributes": {
            "account_id": "portvessel-batch-dev",
            "create_ignore_already_exists": null,
            "description": "",
            "disabled": false,
            "display_name": "PortVessel batch processor",
            "email": "portvessel-batch-dev@cloudprojects-506123.iam.gserviceaccount.com",
            "id": "projects/cloudprojects-506123/serviceAccounts/portvessel-batch-dev@cloudprojects-506123.iam.gserviceaccount.com",
            "member": "serviceAccount:portvessel-batch-dev@cloudprojects-506123.iam.gserviceaccount.com",
            "name": "projects/cloudprojects-506123/serviceAccounts/portvessel-batch-dev@cloudprojects-506123.iam.gserviceaccount.com",
            "project": "cloudprojects-506123",
            "timeouts": null,
            "unique_id": "104296851145110675812"
          },
          "sensitive_attributes": [],
          "identity_schema_version": 0,
          "private": "eyJlMmJmYjczMC1lY2FhLTExZTYtOGY4OC0zNDM2M2JjN2M0YzAiOnsiY3JlYXRlIjozMDAwMDAwMDAwMDB9fQ=="
        }
      ]
    },
    {
      "mode": "managed",
      "type": "google_storage_bucket",
      "name": "processed",
      "provider": "provider[\"registry.terraform.io/hashicorp/google\"]",
      "instances": [
        {
          "schema_version": 3,
          "attributes": {
            "autoclass": [],
            "cors": [],
            "custom_placement_config": [],
            "default_event_based_hold": false,
            "effective_labels": {
              "environment": "dev",
              "goog-terraform-provisioned": "true",
              "layer": "processed",
              "project": "portvessel"
            },
            "enable_object_retention": false,
            "encryption": [],
            "force_destroy": false,
            "hierarchical_namespace": [
              {
                "enabled": false
              }
            ],
            "id": "cloudprojects-506123-portvessel-dev-processed",
            "ip_filter": [],
            "labels": {
              "environment": "dev",
              "layer": "processed",
              "project": "portvessel"
            },
            "lifecycle_rule": [
              {
                "action": [
                  {
                    "storage_class": "",
                    "type": "Delete"
                  }
                ],
                "condition": [
                  {
                    "age": 90,
                    "created_before": "",
                    "custom_time_before": "",
                    "days_since_custom_time": 0,
                    "days_since_noncurrent_time": 0,
                    "matches_prefix": [],
                    "matches_storage_class": [],
                    "matches_suffix": [],
                    "noncurrent_time_before": "",
                    "num_newer_versions": 0,
                    "send_age_if_zero": false,
                    "send_days_since_custom_time_if_zero": false,
                    "send_days_since_noncurrent_time_if_zero": false,
                    "send_num_newer_versions_if_zero": false,
                    "with_state": "ANY"
                  }
                ]
              }
            ],
            "location": "EUROPE-WEST3",
            "logging": [],
            "name": "cloudprojects-506123-portvessel-dev-processed",
            "project": "cloudprojects-506123",
            "project_number": 20298064017,
            "public_access_prevention": "inherited",
            "requester_pays": false,
            "retention_policy": [],
            "rpo": null,
            "self_link": "https://www.googleapis.com/storage/v1/b/cloudprojects-506123-portvessel-dev-processed",
            "soft_delete_policy": [
              {
                "effective_time": "2026-08-25T00:15:56.254Z",
                "retention_duration_seconds": 604800
              }
            ],
            "storage_class": "STANDARD",
            "terraform_labels": {
              "environment": "dev",
              "goog-terraform-provisioned": "true",
              "layer": "processed",
              "project": "portvessel"
            },
            "time_created": "2026-08-25T00:15:56.254Z",
            "timeouts": null,
            "uniform_bucket_level_access": true,
            "updated": "2026-08-25T00:15:56.254Z",
            "url": "gs://cloudprojects-506123-portvessel-dev-processed",
            "versioning": [],
            "website": []
          },
          "sensitive_attributes": [],
          "identity_schema_version": 0,
          "private": "eyJlMmJmYjczMC1lY2FhLTExZTYtOGY4OC0zNDM2M2JjN2M0YzAiOnsiY3JlYXRlIjo2MDAwMDAwMDAwMDAsInJlYWQiOjI0MDAwMDAwMDAwMCwidXBkYXRlIjoyNDAwMDAwMDAwMDB9LCJzY2hlbWFfdmVyc2lvbiI6IjMifQ=="
        }
      ]
    },
    {
      "mode": "managed",
      "type": "google_storage_bucket",
      "name": "raw",
      "provider": "provider[\"registry.terraform.io/hashicorp/google\"]",
      "instances": [
        {
          "schema_version": 3,
          "attributes": {
            "autoclass": [],
            "cors": [],
            "custom_placement_config": [],
            "default_event_based_hold": false,
            "effective_labels": {
              "environment": "dev",
              "goog-terraform-provisioned": "true",
              "layer": "raw",
              "project": "portvessel"
            },
            "enable_object_retention": false,
            "encryption": [],
            "force_destroy": false,
            "hierarchical_namespace": [
              {
                "enabled": false
              }
            ],
            "id": "cloudprojects-506123-portvessel-dev-raw",
            "ip_filter": [],
            "labels": {
              "environment": "dev",
              "layer": "raw",
              "project": "portvessel"
            },
            "lifecycle_rule": [
              {
                "action": [
                  {
                    "storage_class": "",
                    "type": "Delete"
                  }
                ],
                "condition": [
                  {
                    "age": 30,
                    "created_before": "",
                    "custom_time_before": "",
                    "days_since_custom_time": 0,
                    "days_since_noncurrent_time": 0,
                    "matches_prefix": [],
                    "matches_storage_class": [],
                    "matches_suffix": [],
                    "noncurrent_time_before": "",
                    "num_newer_versions": 0,
                    "send_age_if_zero": false,
                    "send_days_since_custom_time_if_zero": false,
                    "send_days_since_noncurrent_time_if_zero": false,
                    "send_num_newer_versions_if_zero": false,
                    "with_state": "ANY"
                  }
                ]
              }
            ],
            "location": "EUROPE-WEST3",
            "logging": [],
            "name": "cloudprojects-506123-portvessel-dev-raw",
            "project": "cloudprojects-506123",
            "project_number": 20298064017,
            "public_access_prevention": "inherited",
            "requester_pays": false,
            "retention_policy": [],
            "rpo": null,
            "self_link": "https://www.googleapis.com/storage/v1/b/cloudprojects-506123-portvessel-dev-raw",
            "soft_delete_policy": [
              {
                "effective_time": "2026-08-25T00:15:56.738Z",
                "retention_duration_seconds": 604800
              }
            ],
            "storage_class": "STANDARD",
            "terraform_labels": {
              "environment": "dev",
              "goog-terraform-provisioned": "true",
              "layer": "raw",
              "project": "portvessel"
            },
            "time_created": "2026-08-25T00:15:56.738Z",
            "timeouts": null,
            "uniform_bucket_level_access": true,
            "updated": "2026-08-25T00:15:56.738Z",
            "url": "gs://cloudprojects-506123-portvessel-dev-raw",
            "versioning": [
              {
                "enabled": true
              }
            ],
            "website": []
          },
          "sensitive_attributes": [],
          "identity_schema_version": 0,
          "private": "eyJlMmJmYjczMC1lY2FhLTExZTYtOGY4OC0zNDM2M2JjN2M0YzAiOnsiY3JlYXRlIjo2MDAwMDAwMDAwMDAsInJlYWQiOjI0MDAwMDAwMDAwMCwidXBkYXRlIjoyNDAwMDAwMDAwMDB9LCJzY2hlbWFfdmVyc2lvbiI6IjMifQ=="
        }
      ]
    }
  ],
  "check_results": null
}
